Microsoft Visual Studio Solution File, Format Version 12.00
# Visual Studio Version 17
VisualStudioVersion = 17.2.32602.215
MinimumVisualStudioVersion = 10.0.40219.1
Project("{8BC9CEB8-8B4A-11D0-8D11-00A0C91BC942}") = "WinHTTrack", "WinHTTrack\WinHTTrack.vcxproj", "{4707CDEB-E576-4664-98A8-94D99BA190B8}"
EndProject
Project("{8BC9CEB8-8B4A-11D0-8D11-00A0C91BC942}") = "libhttrack", "httrack\src\libhttrack.vcxproj", "{E76AD871-54C1-45E8-A657-6117ADEFFB46}"
EndProject
Project("{8BC9CEB8-8B4A-11D0-8D11-00A0C91BC942}") = "httrack", "httrack\src\httrack.vcxproj", "{D0E894E7-F64C-4722-9807-9ABB1054D43A}"
EndProject
Project("{8BC9CEB8-8B4A-11D0-8D11-00A0C91BC942}") = "webhttrack", "httrack\src\webhttrack.vcxproj", "{B2A68D1B-3EB3-4B16-B634-8D36AC4266EC}"
EndProject
Project("{8BC9CEB8-8B4A-11D0-8D11-00A0C91BC942}") = "proxytrack", "httrack\src\proxy\proxytrack.vcxproj", "{4C31F79A-9DAB-44CE-88D6-0FF961599AAB}"
EndProject
Project("{8BC9CEB8-8B4A-11D0-8D11-00A0C91BC942}") = "libtest", "httrack\libtest\libtest.vcxproj", "{76424734-BC12-4472-ABE2-B5C7A4A0B733}"
EndProject
Global
	GlobalSection(SolutionConfigurationPlatforms) = preSolution
		Debug release|Win32 = Debug release|Win32
		Debug release|x64 = Debug release|x64
		Debug release|x86 = Debug release|x86
		Debug|Win32 = Debug|Win32
		Debug|x64 = Debug|x64
		Debug|x86 = Debug|x86
		DLL ASM Debug|Win32 = DLL ASM Debug|Win32
		DLL ASM Debug|x64 = DLL ASM Debug|x64
		DLL ASM Debug|x86 = DLL ASM Debug|x86
		DLL ASM Release|Win32 = DLL ASM Release|Win32
		DLL ASM Release|x64 = DLL ASM Release|x64
		DLL ASM Release|x86 = DLL ASM Release|x86
		DLL Debug|Win32 = DLL Debug|Win32
		DLL Debug|x64 = DLL Debug|x64
		DLL Debug|x86 = DLL Debug|x86
		DLL Release|Win32 = DLL Release|Win32
		DLL Release|x64 = DLL Release|x64
		DLL Release|x86 = DLL Release|x86
		LIB ASM Debug|Win32 = LIB ASM Debug|Win32
		LIB ASM Debug|x64 = LIB ASM Debug|x64
		LIB ASM Debug|x86 = LIB ASM Debug|x86
		LIB ASM Release|Win32 = LIB ASM Release|Win32
		LIB ASM Release|x64 = LIB ASM Release|x64
		LIB ASM Release|x86 = LIB ASM Release|x86
		LIB Debug|Win32 = LIB Debug|Win32
		LIB Debug|x64 = LIB Debug|x64
		LIB Debug|x86 = LIB Debug|x86
		LIB Release|Win32 = LIB Release|Win32
		LIB Release|x64 = LIB Release|x64
		LIB Release|x86 = LIB Release|x86
		Release MinDependency|Win32 = Release MinDependency|Win32
		Release MinDependency|x64 = Release MinDependency|x64
		Release MinDependency|x86 = Release MinDependency|x86
		Release MinSize|Win32 = Release MinSize|Win32
		Release MinSize|x64 = Release MinSize|x64
		Release MinSize|x86 = Release MinSize|x86
		Release|Win32 = Release|Win32
		Release|x64 = Release|x64
		Release|x86 = Release|x86
		ReleaseWithoutAsm|Win32 = ReleaseWithoutAsm|Win32
		ReleaseWithoutAsm|x64 = ReleaseWithoutAsm|x64
		ReleaseWithoutAsm|x86 = ReleaseWithoutAsm|x86
		Unicode Debug|Win32 = Unicode Debug|Win32
		Unicode Debug|x64 = Unicode Debug|x64
		Unicode Debug|x86 = Unicode Debug|x86
		Unicode Release MinDependency|Win32 = Unicode Release MinDependency|Win32
		Unicode Release MinDependency|x64 = Unicode Release MinDependency|x64
		Unicode Release MinDependency|x86 = Unicode Release MinDependency|x86
		Unicode Release MinSize|Win32 = Unicode Release MinSize|Win32
		Unicode Release MinSize|x64 = Unicode Release MinSize|x64
		Unicode Release MinSize|x86 = Unicode Release MinSize|x86
	EndGlobalSection
	GlobalSection(ProjectConfigurationPlatforms) = postSolution
		{4707CDEB-E576-4664-98A8-94D99BA190B8}.Debug release|Win32.ActiveCfg = Debug release|Win32
		{4707CDEB-E576-4664-98A8-94D99BA190B8}.Debug release|Win32.Build.0 = Debug release|Win32
		{4707CDEB-E576-4664-98A8-94D99BA190B8}.Debug release|x64.ActiveCfg = Debug release|x64
		{4707CDEB-E576-4664-98A8-94D99BA190B8}.Debug release|x64.Build.0 = Debug release|x64
		{4707CDEB-E576-4664-98A8-94D99BA190B8}.Debug release|x86.ActiveCfg = Debug release|Win32
		{4707CDEB-E576-4664-98A8-94D99BA190B8}.Debug release|x86.Build.0 = Debug release|Win32
		{4707CDEB-E576-4664-98A8-94D99BA190B8}.Debug|Win32.ActiveCfg = Debug|Win32
		{4707CDEB-E576-4664-98A8-94D99BA190B8}.Debug|Win32.Build.0 = Debug|Win32
		{4707CDEB-E576-4664-98A8-94D99BA190B8}.Debug|x64.ActiveCfg = Debug|x64
		{4707CDEB-E576-4664-98A8-94D99BA190B8}.Debug|x64.Build.0 = Debug|x64
		{4707CDEB-E576-4664-98A8-94D99BA190B8}.Debug|x86.ActiveCfg = Debug|Win32
		{4707CDEB-E576-4664-98A8-94D99BA190B8}.Debug|x86.Build.0 = Debug|Win32
		{4707CDEB-E576-4664-98A8-94D99BA190B8}.DLL ASM Debug|Win32.ActiveCfg = Debug|Win32
		{4707CDEB-E576-4664-98A8-94D99BA190B8}.DLL ASM Debug|Win32.Build.0 = Debug|Win32
		{4707CDEB-E576-4664-98A8-94D99BA190B8}.DLL ASM Debug|x64.ActiveCfg = Debug|x64
		{4707CDEB-E576-4664-98A8-94D99BA190B8}.DLL ASM Debug|x64.Build.0 = Debug|x64
		{4707CDEB-E576-4664-98A8-94D99BA190B8}.DLL ASM Debug|x86.ActiveCfg = Debug release|Win32
		{4707CDEB-E576-4664-98A8-94D99BA190B8}.DLL ASM Debug|x86.Build.0 = Debug release|Win32
		{4707CDEB-E576-4664-98A8-94D99BA190B8}.DLL ASM Release|Win32.ActiveCfg = Release|Win32
		{4707CDEB-E576-4664-98A8-94D99BA190B8}.DLL ASM Release|Win32.Build.0 = Release|Win32
		{4707CDEB-E576-4664-98A8-94D99BA190B8}.DLL ASM Release|x64.ActiveCfg = Release|x64
		{4707CDEB-E576-4664-98A8-94D99BA190B8}.DLL ASM Release|x64.Build.0 = Release|x64
		{4707CDEB-E576-4664-98A8-94D99BA190B8}.DLL ASM Release|x86.ActiveCfg = Debug release|Win32
		{4707CDEB-E576-4664-98A8-94D99BA190B8}.DLL ASM Release|x86.Build.0 = Debug release|Win32
		{4707CDEB-E576-4664-98A8-94D99BA190B8}.DLL Debug|Win32.ActiveCfg = Debug|Win32
		{4707CDEB-E576-4664-98A8-94D99BA190B8}.DLL Debug|Win32.Build.0 = Debug|Win32
		{4707CDEB-E576-4664-98A8-94D99BA190B8}.DLL Debug|x64.ActiveCfg = Debug|x64
		{4707CDEB-E576-4664-98A8-94D99BA190B8}.DLL Debug|x64.Build.0 = Debug|x64
		{4707CDEB-E576-4664-98A8-94D99BA190B8}.DLL Debug|x86.ActiveCfg = Debug release|Win32
		{4707CDEB-E576-4664-98A8-94D99BA190B8}.DLL Debug|x86.Build.0 = Debug release|Win32
		{4707CDEB-E576-4664-98A8-94D99BA190B8}.DLL Release|Win32.ActiveCfg = Release|Win32
		{4707CDEB-E576-4664-98A8-94D99BA190B8}.DLL Release|Win32.Build.0 = Release|Win32
		{4707CDEB-E576-4664-98A8-94D99BA190B8}.DLL Release|x64.ActiveCfg = Release|x64
		{4707CDEB-E576-4664-98A8-94D99BA190B8}.DLL Release|x64.Build.0 = Release|x64
		{4707CDEB-E576-4664-98A8-94D99BA190B8}.DLL Release|x86.ActiveCfg = Debug release|Win32
		{4707CDEB-E576-4664-98A8-94D99BA190B8}.DLL Release|x86.Build.0 = Debug release|Win32
		{4707CDEB-E576-4664-98A8-94D99BA190B8}.LIB ASM Debug|Win32.ActiveCfg = Debug|Win32
		{4707CDEB-E576-4664-98A8-94D99BA190B8}.LIB ASM Debug|Win32.Build.0 = Debug|Win32
		{4707CDEB-E576-4664-98A8-94D99BA190B8}.LIB ASM Debug|x64.ActiveCfg = Debug|x64
		{4707CDEB-E576-4664-98A8-94D99BA190B8}.LIB ASM Debug|x64.Build.0 = Debug|x64
		{4707CDEB-E576-4664-98A8-94D99BA190B8}.LIB ASM Debug|x86.ActiveCfg = Debug|Win32
		{4707CDEB-E576-4664-98A8-94D99BA190B8}.LIB ASM Debug|x86.Build.0 = Debug|Win32
		{4707CDEB-E576-4664-98A8-94D99BA190B8}.LIB ASM Release|Win32.ActiveCfg = Release|Win32
		{4707CDEB-E576-4664-98A8-94D99BA190B8}.LIB ASM Release|Win32.Build.0 = Release|Win32
		{4707CDEB-E576-4664-98A8-94D99BA190B8}.LIB ASM Release|x64.ActiveCfg = Release|x64
		{4707CDEB-E576-4664-98A8-94D99BA190B8}.LIB ASM Release|x64.Build.0 = Release|x64
		{4707CDEB-E576-4664-98A8-94D99BA190B8}.LIB ASM Release|x86.ActiveCfg = Release|Win32
		{4707CDEB-E576-4664-98A8-94D99BA190B8}.LIB ASM Release|x86.Build.0 = Release|Win32
		{4707CDEB-E576-4664-98A8-94D99BA190B8}.LIB Debug|Win32.ActiveCfg = Debug|Win32
		{4707CDEB-E576-4664-98A8-94D99BA190B8}.LIB Debug|Win32.Build.0 = Debug|Win32
		{4707CDEB-E576-4664-98A8-94D99BA190B8}.LIB Debug|x64.ActiveCfg = Debug|x64
		{4707CDEB-E576-4664-98A8-94D99BA190B8}.LIB Debug|x64.Build.0 = Debug|x64
		{4707CDEB-E576-4664-98A8-94D99BA190B8}.LIB Debug|x86.ActiveCfg = Debug|Win32
		{4707CDEB-E576-4664-98A8-94D99BA190B8}.LIB Debug|x86.Build.0 = Debug|Win32
		{4707CDEB-E576-4664-98A8-94D99BA190B8}.LIB Release|Win32.ActiveCfg = Release|Win32
		{4707CDEB-E576-4664-98A8-94D99BA190B8}.LIB Release|Win32.Build.0 = Release|Win32
		{4707CDEB-E576-4664-98A8-94D99BA190B8}.LIB Release|x64.ActiveCfg = Release|x64
		{4707CDEB-E576-4664-98A8-94D99BA190B8}.LIB Release|x64.Build.0 = Release|x64
		{4707CDEB-E576-4664-98A8-94D99BA190B8}.LIB Release|x86.ActiveCfg = Release|Win32
		{4707CDEB-E576-4664-98A8-94D99BA190B8}.LIB Release|x86.Build.0 = Release|Win32
		{4707CDEB-E576-4664-98A8-94D99BA190B8}.Release MinDependency|Win32.ActiveCfg = Release|Win32
		{4707CDEB-E576-4664-98A8-94D99BA190B8}.Release MinDependency|Win32.Build.0 = Release|Win32
		{4707CDEB-E576-4664-98A8-94D99BA190B8}.Release MinDependency|x64.ActiveCfg = Release|x64
		{4707CDEB-E576-4664-98A8-94D99BA190B8}.Release MinDependency|x64.Build.0 = Release|x64
		{4707CDEB-E576-4664-98A8-94D99BA190B8}.Release MinDependency|x86.ActiveCfg = Release|Win32
		{4707CDEB-E576-4664-98A8-94D99BA190B8}.Release MinDependency|x86.Build.0 = Release|Win32
		{4707CDEB-E576-4664-98A8-94D99BA190B8}.Release MinSize|Win32.ActiveCfg = Release|Win32
		{4707CDEB-E576-4664-98A8-94D99BA190B8}.Release MinSize|Win32.Build.0 = Release|Win32
		{4707CDEB-E576-4664-98A8-94D99BA190B8}.Release MinSize|x64.ActiveCfg = Release|x64
		{4707CDEB-E576-4664-98A8-94D99BA190B8}.Release MinSize|x64.Build.0 = Release|x64
		{4707CDEB-E576-4664-98A8-94D99BA190B8}.Release MinSize|x86.ActiveCfg = Release|Win32
		{4707CDEB-E576-4664-98A8-94D99BA190B8}.Release MinSize|x86.Build.0 = Release|Win32
		{4707CDEB-E576-4664-98A8-94D99BA190B8}.Release|Win32.ActiveCfg = Release|Win32
		{4707CDEB-E576-4664-98A8-94D99BA190B8}.Release|Win32.Build.0 = Release|Win32
		{4707CDEB-E576-4664-98A8-94D99BA190B8}.Release|x64.ActiveCfg = Release|x64
		{4707CDEB-E576-4664-98A8-94D99BA190B8}.Release|x64.Build.0 = Release|x64
		{4707CDEB-E576-4664-98A8-94D99BA190B8}.Release|x86.ActiveCfg = Release|Win32
		{4707CDEB-E576-4664-98A8-94D99BA190B8}.Release|x86.Build.0 = Release|Win32
		{4707CDEB-E576-4664-98A8-94D99BA190B8}.ReleaseWithoutAsm|Win32.ActiveCfg = Release|x64
		{4707CDEB-E576-4664-98A8-94D99BA190B8}.ReleaseWithoutAsm|x64.ActiveCfg = Release|x64
		{4707CDEB-E576-4664-98A8-94D99BA190B8}.ReleaseWithoutAsm|x64.Build.0 = Release|x64
		{4707CDEB-E576-4664-98A8-94D99BA190B8}.ReleaseWithoutAsm|x86.ActiveCfg = Release|Win32
		{4707CDEB-E576-4664-98A8-94D99BA190B8}.ReleaseWithoutAsm|x86.Build.0 = Release|Win32
		{4707CDEB-E576-4664-98A8-94D99BA190B8}.Unicode Debug|Win32.ActiveCfg = Debug|Win32
		{4707CDEB-E576-4664-98A8-94D99BA190B8}.Unicode Debug|Win32.Build.0 = Debug|Win32
		{4707CDEB-E576-4664-98A8-94D99BA190B8}.Unicode Debug|x64.ActiveCfg = Debug|x64
		{4707CDEB-E576-4664-98A8-94D99BA190B8}.Unicode Debug|x64.Build.0 = Debug|x64
		{4707CDEB-E576-4664-98A8-94D99BA190B8}.Unicode Debug|x86.ActiveCfg = Debug|Win32
		{4707CDEB-E576-4664-98A8-94D99BA190B8}.Unicode Debug|x86.Build.0 = Debug|Win32
		{4707CDEB-E576-4664-98A8-94D99BA190B8}.Unicode Release MinDependency|Win32.ActiveCfg = Release|Win32
		{4707CDEB-E576-4664-98A8-94D99BA190B8}.Unicode Release MinDependency|Win32.Build.0 = Release|Win32
		{4707CDEB-E576-4664-98A8-94D99BA190B8}.Unicode Release MinDependency|x64.ActiveCfg = Release|x64
		{4707CDEB-E576-4664-98A8-94D99BA190B8}.Unicode Release MinDependency|x64.Build.0 = Release|x64
		{4707CDEB-E576-4664-98A8-94D99BA190B8}.Unicode Release MinDependency|x86.ActiveCfg = Release|Win32
		{4707CDEB-E576-4664-98A8-94D99BA190B8}.Unicode Release MinDependency|x86.Build.0 = Release|Win32
		{4707CDEB-E576-4664-98A8-94D99BA190B8}.Unicode Release MinSize|Win32.ActiveCfg = Release|Win32
		{4707CDEB-E576-4664-98A8-94D99BA190B8}.Unicode Release MinSize|Win32.Build.0 = Release|Win32
		{4707CDEB-E576-4664-98A8-94D99BA190B8}.Unicode Release MinSize|x64.ActiveCfg = Release|x64
		{4707CDEB-E576-4664-98A8-94D99BA190B8}.Unicode Release MinSize|x64.Build.0 = Release|x64
		{4707CDEB-E576-4664-98A8-94D99BA190B8}.Unicode Release MinSize|x86.ActiveCfg = Release|Win32
		{4707CDEB-E576-4664-98A8-94D99BA190B8}.Unicode Release MinSize|x86.Build.0 = Release|Win32
		{E76AD871-54C1-45E8-A657-6117ADEFFB46}.Debug release|Win32.ActiveCfg = Debug|Win32
		{E76AD871-54C1-45E8-A657-6117ADEFFB46}.Debug release|Win32.Build.0 = Debug|Win32
		{E76AD871-54C1-45E8-A657-6117ADEFFB46}.Debug release|x64.ActiveCfg = Debug|x64
		{E76AD871-54C1-45E8-A657-6117ADEFFB46}.Debug release|x64.Build.0 = Debug|x64
		{E76AD871-54C1-45E8-A657-6117ADEFFB46}.Debug release|x86.ActiveCfg = Debug|Win32
		{E76AD871-54C1-45E8-A657-6117ADEFFB46}.Debug release|x86.Build.0 = Debug|Win32
		{E76AD871-54C1-45E8-A657-6117ADEFFB46}.Debug|Win32.ActiveCfg = Debug|Win32
		{E76AD871-54C1-45E8-A657-6117ADEFFB46}.Debug|Win32.Build.0 = Debug|Win32
		{E76AD871-54C1-45E8-A657-6117ADEFFB46}.Debug|x64.ActiveCfg = Debug|x64
		{E76AD871-54C1-45E8-A657-6117ADEFFB46}.Debug|x64.Build.0 = Debug|x64
		{E76AD871-54C1-45E8-A657-6117ADEFFB46}.Debug|x86.ActiveCfg = Debug|Win32
		{E76AD871-54C1-45E8-A657-6117ADEFFB46}.Debug|x86.Build.0 = Debug|Win32
		{E76AD871-54C1-45E8-A657-6117ADEFFB46}.DLL ASM Debug|Win32.ActiveCfg = Debug|Win32
		{E76AD871-54C1-45E8-A657-6117ADEFFB46}.DLL ASM Debug|Win32.Build.0 = Debug|Win32
		{E76AD871-54C1-45E8-A657-6117ADEFFB46}.DLL ASM Debug|x64.ActiveCfg = Debug|x64
		{E76AD871-54C1-45E8-A657-6117ADEFFB46}.DLL ASM Debug|x64.Build.0 = Debug|x64
		{E76AD871-54C1-45E8-A657-6117ADEFFB46}.DLL ASM Debug|x86.ActiveCfg = Debug|Win32
		{E76AD871-54C1-45E8-A657-6117ADEFFB46}.DLL ASM Debug|x86.Build.0 = Debug|Win32
		{E76AD871-54C1-45E8-A657-6117ADEFFB46}.DLL ASM Release|Win32.ActiveCfg = Release|Win32
		{E76AD871-54C1-45E8-A657-6117ADEFFB46}.DLL ASM Release|Win32.Build.0 = Release|Win32
		{E76AD871-54C1-45E8-A657-6117ADEFFB46}.DLL ASM Release|x64.ActiveCfg = Release|x64
		{E76AD871-54C1-45E8-A657-6117ADEFFB46}.DLL ASM Release|x64.Build.0 = Release|x64
		{E76AD871-54C1-45E8-A657-6117ADEFFB46}.DLL ASM Release|x86.ActiveCfg = Release|Win32
		{E76AD871-54C1-45E8-A657-6117ADEFFB46}.DLL ASM Release|x86.Build.0 = Release|Win32
		{E76AD871-54C1-45E8-A657-6117ADEFFB46}.DLL Debug|Win32.ActiveCfg = Debug|Win32
		{E76AD871-54C1-45E8-A657-6117ADEFFB46}.DLL Debug|Win32.Build.0 = Debug|Win32
		{E76AD871-54C1-45E8-A657-6117ADEFFB46}.DLL Debug|x64.ActiveCfg = Debug|x64
		{E76AD871-54C1-45E8-A657-6117ADEFFB46}.DLL Debug|x64.Build.0 = Debug|x64
		{E76AD871-54C1-45E8-A657-6117ADEFFB46}.DLL Debug|x86.ActiveCfg = Debug|Win32
		{E76AD871-54C1-45E8-A657-6117ADEFFB46}.DLL Debug|x86.Build.0 = Debug|Win32
		{E76AD871-54C1-45E8-A657-6117ADEFFB46}.DLL Release|Win32.ActiveCfg = Release|Win32
		{E76AD871-54C1-45E8-A657-6117ADEFFB46}.DLL Release|Win32.Build.0 = Release|Win32
		{E76AD871-54C1-45E8-A657-6117ADEFFB46}.DLL Release|x64.ActiveCfg = Release|x64
		{E76AD871-54C1-45E8-A657-6117ADEFFB46}.DLL Release|x64.Build.0 = Release|x64
		{E76AD871-54C1-45E8-A657-6117ADEFFB46}.DLL Release|x86.ActiveCfg = Release|Win32
		{E76AD871-54C1-45E8-A657-6117ADEFFB46}.DLL Release|x86.Build.0 = Release|Win32
		{E76AD871-54C1-45E8-A657-6117ADEFFB46}.LIB ASM Debug|Win32.ActiveCfg = Debug|Win32
		{E76AD871-54C1-45E8-A657-6117ADEFFB46}.LIB ASM Debug|Win32.Build.0 = Debug|Win32
		{E76AD871-54C1-45E8-A657-6117ADEFFB46}.LIB ASM Debug|x64.ActiveCfg = Debug|x64
		{E76AD871-54C1-45E8-A657-6117ADEFFB46}.LIB ASM Debug|x64.Build.0 = Debug|x64
		{E76AD871-54C1-45E8-A657-6117ADEFFB46}.LIB ASM Debug|x86.ActiveCfg = Debug|Win32
		{E76AD871-54C1-45E8-A657-6117ADEFFB46}.LIB ASM Debug|x86.Build.0 = Debug|Win32
		{E76AD871-54C1-45E8-A657-6117ADEFFB46}.LIB ASM Release|Win32.ActiveCfg = Release|Win32
		{E76AD871-54C1-45E8-A657-6117ADEFFB46}.LIB ASM Release|Win32.Build.0 = Release|Win32
		{E76AD871-54C1-45E8-A657-6117ADEFFB46}.LIB ASM Release|x64.ActiveCfg = Release|x64
		{E76AD871-54C1-45E8-A657-6117ADEFFB46}.LIB ASM Release|x64.Build.0 = Release|x64
		{E76AD871-54C1-45E8-A657-6117ADEFFB46}.LIB ASM Release|x86.ActiveCfg = Release|Win32
		{E76AD871-54C1-45E8-A657-6117ADEFFB46}.LIB ASM Release|x86.Build.0 = Release|Win32
		{E76AD871-54C1-45E8-A657-6117ADEFFB46}.LIB Debug|Win32.ActiveCfg = Debug|Win32
		{E76AD871-54C1-45E8-A657-6117ADEFFB46}.LIB Debug|Win32.Build.0 = Debug|Win32
		{E76AD871-54C1-45E8-A657-6117ADEFFB46}.LIB Debug|x64.ActiveCfg = Debug|x64
		{E76AD871-54C1-45E8-A657-6117ADEFFB46}.LIB Debug|x64.Build.0 = Debug|x64
		{E76AD871-54C1-45E8-A657-6117ADEFFB46}.LIB Debug|x86.ActiveCfg = Debug|Win32
		{E76AD871-54C1-45E8-A657-6117ADEFFB46}.LIB Debug|x86.Build.0 = Debug|Win32
		{E76AD871-54C1-45E8-A657-6117ADEFFB46}.LIB Release|Win32.ActiveCfg = Release|Win32
		{E76AD871-54C1-45E8-A657-6117ADEFFB46}.LIB Release|Win32.Build.0 = Release|Win32
		{E76AD871-54C1-45E8-A657-6117ADEFFB46}.LIB Release|x64.ActiveCfg = Release|x64
		{E76AD871-54C1-45E8-A657-6117ADEFFB46}.LIB Release|x64.Build.0 = Release|x64
		{E76AD871-54C1-45E8-A657-6117ADEFFB46}.LIB Release|x86.ActiveCfg = Release|Win32
		{E76AD871-54C1-45E8-A657-6117ADEFFB46}.LIB Release|x86.Build.0 = Release|Win32
		{E76AD871-54C1-45E8-A657-6117ADEFFB46}.Release MinDependency|Win32.ActiveCfg = Release|Win32
		{E76AD871-54C1-45E8-A657-6117ADEFFB46}.Release MinDependency|Win32.Build.0 = Release|Win32
		{E76AD871-54C1-45E8-A657-6117ADEFFB46}.Release MinDependency|x64.ActiveCfg = Release|x64
		{E76AD871-54C1-45E8-A657-6117ADEFFB46}.Release MinDependency|x64.Build.0 = Release|x64
		{E76AD871-54C1-45E8-A657-6117ADEFFB46}.Release MinDependency|x86.ActiveCfg = Release|Win32
		{E76AD871-54C1-45E8-A657-6117ADEFFB46}.Release MinDependency|x86.Build.0 = Release|Win32
		{E76AD871-54C1-45E8-A657-6117ADEFFB46}.Release MinSize|Win32.ActiveCfg = Release|Win32
		{E76AD871-54C1-45E8-A657-6117ADEFFB46}.Release MinSize|Win32.Build.0 = Release|Win32
		{E76AD871-54C1-45E8-A657-6117ADEFFB46}.Release MinSize|x64.ActiveCfg = Release|x64
		{E76AD871-54C1-45E8-A657-6117ADEFFB46}.Release MinSize|x64.Build.0 = Release|x64
		{E76AD871-54C1-45E8-A657-6117ADEFFB46}.Release MinSize|x86.ActiveCfg = Release|Win32
		{E76AD871-54C1-45E8-A657-6117ADEFFB46}.Release MinSize|x86.Build.0 = Release|Win32
		{E76AD871-54C1-45E8-A657-6117ADEFFB46}.Release|Win32.ActiveCfg = Release|Win32
		{E76AD871-54C1-45E8-A657-6117ADEFFB46}.Release|Win32.Build.0 = Release|Win32
		{E76AD871-54C1-45E8-A657-6117ADEFFB46}.Release|x64.ActiveCfg = Release|x64
		{E76AD871-54C1-45E8-A657-6117ADEFFB46}.Release|x64.Build.0 = Release|x64
		{E76AD871-54C1-45E8-A657-6117ADEFFB46}.Release|x86.ActiveCfg = Release|Win32
		{E76AD871-54C1-45E8-A657-6117ADEFFB46}.Release|x86.Build.0 = Release|Win32
		{E76AD871-54C1-45E8-A657-6117ADEFFB46}.ReleaseWithoutAsm|Win32.ActiveCfg = Release|x64
		{E76AD871-54C1-45E8-A657-6117ADEFFB46}.ReleaseWithoutAsm|x64.ActiveCfg = Release|x64
		{E76AD871-54C1-45E8-A657-6117ADEFFB46}.ReleaseWithoutAsm|x64.Build.0 = Release|x64
		{E76AD871-54C1-45E8-A657-6117ADEFFB46}.ReleaseWithoutAsm|x86.ActiveCfg = Release|Win32
		{E76AD871-54C1-45E8-A657-6117ADEFFB46}.ReleaseWithoutAsm|x86.Build.0 = Release|Win32
		{E76AD871-54C1-45E8-A657-6117ADEFFB46}.Unicode Debug|Win32.ActiveCfg = Debug|Win32
		{E76AD871-54C1-45E8-A657-6117ADEFFB46}.Unicode Debug|Win32.Build.0 = Debug|Win32
		{E76AD871-54C1-45E8-A657-6117ADEFFB46}.Unicode Debug|x64.ActiveCfg = Debug|x64
		{E76AD871-54C1-45E8-A657-6117ADEFFB46}.Unicode Debug|x64.Build.0 = Debug|x64
		{E76AD871-54C1-45E8-A657-6117ADEFFB46}.Unicode Debug|x86.ActiveCfg = Debug|Win32
		{E76AD871-54C1-45E8-A657-6117ADEFFB46}.Unicode Debug|x86.Build.0 = Debug|Win32
		{E76AD871-54C1-45E8-A657-6117ADEFFB46}.Unicode Release MinDependency|Win32.ActiveCfg = Release|Win32
		{E76AD871-54C1-45E8-A657-6117ADEFFB46}.Unicode Release MinDependency|Win32.Build.0 = Release|Win32
		{E76AD871-54C1-45E8-A657-6117ADEFFB46}.Unicode Release MinDependency|x64.ActiveCfg = Release|x64
		{E76AD871-54C1-45E8-A657-6117ADEFFB46}.Unicode Release MinDependency|x64.Build.0 = Release|x64
		{E76AD871-54C1-45E8-A657-6117ADEFFB46}.Unicode Release MinDependency|x86.ActiveCfg = Release|Win32
		{E76AD871-54C1-45E8-A657-6117ADEFFB46}.Unicode Release MinDependency|x86.Build.0 = Release|Win32
		{E76AD871-54C1-45E8-A657-6117ADEFFB46}.Unicode Release MinSize|Win32.ActiveCfg = Release|Win32
		{E76AD871-54C1-45E8-A657-6117ADEFFB46}.Unicode Release MinSize|Win32.Build.0 = Release|Win32
		{E76AD871-54C1-45E8-A657-6117ADEFFB46}.Unicode Release MinSize|x64.ActiveCfg = Release|x64
		{E76AD871-54C1-45E8-A657-6117ADEFFB46}.Unicode Release MinSize|x64.Build.0 = Release|x64
		{E76AD871-54C1-45E8-A657-6117ADEFFB46}.Unicode Release MinSize|x86.ActiveCfg = Release|Win32
		{E76AD871-54C1-45E8-A657-6117ADEFFB46}.Unicode Release MinSize|x86.Build.0 = Release|Win32
		{D0E894E7-F64C-4722-9807-9ABB1054D43A}.Debug release|Win32.ActiveCfg = Debug|Win32
		{D0E894E7-F64C-4722-9807-9ABB1054D43A}.Debug release|Win32.Build.0 = Debug|Win32
		{D0E894E7-F64C-4722-9807-9ABB1054D43A}.Debug release|x64.ActiveCfg = Debug|x64
		{D0E894E7-F64C-4722-9807-9ABB1054D43A}.Debug release|x64.Build.0 = Debug|x64
		{D0E894E7-F64C-4722-9807-9ABB1054D43A}.Debug release|x86.ActiveCfg = Debug|Win32
		{D0E894E7-F64C-4722-9807-9ABB1054D43A}.Debug release|x86.Build.0 = Debug|Win32
		{D0E894E7-F64C-4722-9807-9ABB1054D43A}.Debug|Win32.ActiveCfg = Debug|Win32
		{D0E894E7-F64C-4722-9807-9ABB1054D43A}.Debug|Win32.Build.0 = Debug|Win32
		{D0E894E7-F64C-4722-9807-9ABB1054D43A}.Debug|x64.ActiveCfg = Debug|x64
		{D0E894E7-F64C-4722-9807-9ABB1054D43A}.Debug|x64.Build.0 = Debug|x64
		{D0E894E7-F64C-4722-9807-9ABB1054D43A}.Debug|x86.ActiveCfg = Debug|Win32
		{D0E894E7-F64C-4722-9807-9ABB1054D43A}.Debug|x86.Build.0 = Debug|Win32
		{D0E894E7-F64C-4722-9807-9ABB1054D43A}.DLL ASM Debug|Win32.ActiveCfg = Debug|Win32
		{D0E894E7-F64C-4722-9807-9ABB1054D43A}.DLL ASM Debug|Win32.Build.0 = Debug|Win32
		{D0E894E7-F64C-4722-9807-9ABB1054D43A}.DLL ASM Debug|x64.ActiveCfg = Debug|x64
		{D0E894E7-F64C-4722-9807-9ABB1054D43A}.DLL ASM Debug|x64.Build.0 = Debug|x64
		{D0E894E7-F64C-4722-9807-9ABB1054D43A}.DLL ASM Debug|x86.ActiveCfg = Debug|Win32
		{D0E894E7-F64C-4722-9807-9ABB1054D43A}.DLL ASM Debug|x86.Build.0 = Debug|Win32
		{D0E894E7-F64C-4722-9807-9ABB1054D43A}.DLL ASM Release|Win32.ActiveCfg = Release|Win32
		{D0E894E7-F64C-4722-9807-9ABB1054D43A}.DLL ASM Release|Win32.Build.0 = Release|Win32
		{D0E894E7-F64C-4722-9807-9ABB1054D43A}.DLL ASM Release|x64.ActiveCfg = Release|x64
		{D0E894E7-F64C-4722-9807-9ABB1054D43A}.DLL ASM Release|x64.Build.0 = Release|x64
		{D0E894E7-F64C-4722-9807-9ABB1054D43A}.DLL ASM Release|x86.ActiveCfg = Release|Win32
		{D0E894E7-F64C-4722-9807-9ABB1054D43A}.DLL ASM Release|x86.Build.0 = Release|Win32
		{D0E894E7-F64C-4722-9807-9ABB1054D43A}.DLL Debug|Win32.ActiveCfg = Debug|Win32
		{D0E894E7-F64C-4722-9807-9ABB1054D43A}.DLL Debug|Win32.Build.0 = Debug|Win32
		{D0E894E7-F64C-4722-9807-9ABB1054D43A}.DLL Debug|x64.ActiveCfg = Debug|x64
		{D0E894E7-F64C-4722-9807-9ABB1054D43A}.DLL Debug|x64.Build.0 = Debug|x64
		{D0E894E7-F64C-4722-9807-9ABB1054D43A}.DLL Debug|x86.ActiveCfg = Debug|Win32
		{D0E894E7-F64C-4722-9807-9ABB1054D43A}.DLL Debug|x86.Build.0 = Debug|Win32
		{D0E894E7-F64C-4722-9807-9ABB1054D43A}.DLL Release|Win32.ActiveCfg = Release|Win32
		{D0E894E7-F64C-4722-9807-9ABB1054D43A}.DLL Release|Win32.Build.0 = Release|Win32
		{D0E894E7-F64C-4722-9807-9ABB1054D43A}.DLL Release|x64.ActiveCfg = Release|x64
		{D0E894E7-F64C-4722-9807-9ABB1054D43A}.DLL Release|x64.Build.0 = Release|x64
		{D0E894E7-F64C-4722-9807-9ABB1054D43A}.DLL Release|x86.ActiveCfg = Release|Win32
		{D0E894E7-F64C-4722-9807-9ABB1054D43A}.DLL Release|x86.Build.0 = Release|Win32
		{D0E894E7-F64C-4722-9807-9ABB1054D43A}.LIB ASM Debug|Win32.ActiveCfg = Debug|Win32
		{D0E894E7-F64C-4722-9807-9ABB1054D43A}.LIB ASM Debug|Win32.Build.0 = Debug|Win32
		{D0E894E7-F64C-4722-9807-9ABB1054D43A}.LIB ASM Debug|x64.ActiveCfg = Debug|x64
		{D0E894E7-F64C-4722-9807-9ABB1054D43A}.LIB ASM Debug|x64.Build.0 = Debug|x64
		{D0E894E7-F64C-4722-9807-9ABB1054D43A}.LIB ASM Debug|x86.ActiveCfg = Debug|Win32
		{D0E894E7-F64C-4722-9807-9ABB1054D43A}.LIB ASM Debug|x86.Build.0 = Debug|Win32
		{D0E894E7-F64C-4722-9807-9ABB1054D43A}.LIB ASM Release|Win32.ActiveCfg = Release|Win32
		{D0E894E7-F64C-4722-9807-9ABB1054D43A}.LIB ASM Release|Win32.Build.0 = Release|Win32
		{D0E894E7-F64C-4722-9807-9ABB1054D43A}.LIB ASM Release|x64.ActiveCfg = Release|x64
		{D0E894E7-F64C-4722-9807-9ABB1054D43A}.LIB ASM Release|x64.Build.0 = Release|x64
		{D0E894E7-F64C-4722-9807-9ABB1054D43A}.LIB ASM Release|x86.ActiveCfg = Release|Win32
		{D0E894E7-F64C-4722-9807-9ABB1054D43A}.LIB ASM Release|x86.Build.0 = Release|Win32
		{D0E894E7-F64C-4722-9807-9ABB1054D43A}.LIB Debug|Win32.ActiveCfg = Debug|Win32
		{D0E894E7-F64C-4722-9807-9ABB1054D43A}.LIB Debug|Win32.Build.0 = Debug|Win32
		{D0E894E7-F64C-4722-9807-9ABB1054D43A}.LIB Debug|x64.ActiveCfg = Debug|x64
		{D0E894E7-F64C-4722-9807-9ABB1054D43A}.LIB Debug|x64.Build.0 = Debug|x64
		{D0E894E7-F64C-4722-9807-9ABB1054D43A}.LIB Debug|x86.ActiveCfg = Debug|Win32
		{D0E894E7-F64C-4722-9807-9ABB1054D43A}.LIB Debug|x86.Build.0 = Debug|Win32
		{D0E894E7-F64C-4722-9807-9ABB1054D43A}.LIB Release|Win32.ActiveCfg = Release|Win32
		{D0E894E7-F64C-4722-9807-9ABB1054D43A}.LIB Release|Win32.Build.0 = Release|Win32
		{D0E894E7-F64C-4722-9807-9ABB1054D43A}.LIB Release|x64.ActiveCfg = Release|x64
		{D0E894E7-F64C-4722-9807-9ABB1054D43A}.LIB Release|x64.Build.0 = Release|x64
		{D0E894E7-F64C-4722-9807-9ABB1054D43A}.LIB Release|x86.ActiveCfg = Release|Win32
		{D0E894E7-F64C-4722-9807-9ABB1054D43A}.LIB Release|x86.Build.0 = Release|Win32
		{D0E894E7-F64C-4722-9807-9ABB1054D43A}.Release MinDependency|Win32.ActiveCfg = Release|Win32
		{D0E894E7-F64C-4722-9807-9ABB1054D43A}.Release MinDependency|Win32.Build.0 = Release|Win32
		{D0E894E7-F64C-4722-9807-9ABB1054D43A}.Release MinDependency|x64.ActiveCfg = Release|x64
		{D0E894E7-F64C-4722-9807-9ABB1054D43A}.Release MinDependency|x64.Build.0 = Release|x64
		{D0E894E7-F64C-4722-9807-9ABB1054D43A}.Release MinDependency|x86.ActiveCfg = Release|Win32
		{D0E894E7-F64C-4722-9807-9ABB1054D43A}.Release MinDependency|x86.Build.0 = Release|Win32
		{D0E894E7-F64C-4722-9807-9ABB1054D43A}.Release MinSize|Win32.ActiveCfg = Release|Win32
		{D0E894E7-F64C-4722-9807-9ABB1054D43A}.Release MinSize|Win32.Build.0 = Release|Win32
		{D0E894E7-F64C-4722-9807-9ABB1054D43A}.Release MinSize|x64.ActiveCfg = Release|x64
		{D0E894E7-F64C-4722-9807-9ABB1054D43A}.Release MinSize|x64.Build.0 = Release|x64
		{D0E894E7-F64C-4722-9807-9ABB1054D43A}.Release MinSize|x86.ActiveCfg = Release|Win32
		{D0E894E7-F64C-4722-9807-9ABB1054D43A}.Release MinSize|x86.Build.0 = Release|Win32
		{D0E894E7-F64C-4722-9807-9ABB1054D43A}.Release|Win32.ActiveCfg = Release|Win32
		{D0E894E7-F64C-4722-9807-9ABB1054D43A}.Release|Win32.Build.0 = Release|Win32
		{D0E894E7-F64C-4722-9807-9ABB1054D43A}.Release|x64.ActiveCfg = Release|x64
		{D0E894E7-F64C-4722-9807-9ABB1054D43A}.Release|x64.Build.0 = Release|x64
		{D0E894E7-F64C-4722-9807-9ABB1054D43A}.Release|x86.ActiveCfg = Release|Win32
		{D0E894E7-F64C-4722-9807-9ABB1054D43A}.Release|x86.Build.0 = Release|Win32
		{D0E894E7-F64C-4722-9807-9ABB1054D43A}.ReleaseWithoutAsm|Win32.ActiveCfg = Release|x64
		{D0E894E7-F64C-4722-9807-9ABB1054D43A}.ReleaseWithoutAsm|x64.ActiveCfg = Release|x64
		{D0E894E7-F64C-4722-9807-9ABB1054D43A}.ReleaseWithoutAsm|x64.Build.0 = Release|x64
		{D0E894E7-F64C-4722-9807-9ABB1054D43A}.ReleaseWithoutAsm|x86.ActiveCfg = Release|Win32
		{D0E894E7-F64C-4722-9807-9ABB1054D43A}.ReleaseWithoutAsm|x86.Build.0 = Release|Win32
		{D0E894E7-F64C-4722-9807-9ABB1054D43A}.Unicode Debug|Win32.ActiveCfg = Debug|Win32
		{D0E894E7-F64C-4722-9807-9ABB1054D43A}.Unicode Debug|Win32.Build.0 = Debug|Win32
		{D0E894E7-F64C-4722-9807-9ABB1054D43A}.Unicode Debug|x64.ActiveCfg = Debug|x64
		{D0E894E7-F64C-4722-9807-9ABB1054D43A}.Unicode Debug|x64.Build.0 = Debug|x64
		{D0E894E7-F64C-4722-9807-9ABB1054D43A}.Unicode Debug|x86.ActiveCfg = Debug|Win32
		{D0E894E7-F64C-4722-9807-9ABB1054D43A}.Unicode Debug|x86.Build.0 = Debug|Win32
		{D0E894E7-F64C-4722-9807-9ABB1054D43A}.Unicode Release MinDependency|Win32.ActiveCfg = Release|Win32
		{D0E894E7-F64C-4722-9807-9ABB1054D43A}.Unicode Release MinDependency|Win32.Build.0 = Release|Win32
		{D0E894E7-F64C-4722-9807-9ABB1054D43A}.Unicode Release MinDependency|x64.ActiveCfg = Release|x64
		{D0E894E7-F64C-4722-9807-9ABB1054D43A}.Unicode Release MinDependency|x64.Build.0 = Release|x64
		{D0E894E7-F64C-4722-9807-9ABB1054D43A}.Unicode Release MinDependency|x86.ActiveCfg = Release|Win32
		{D0E894E7-F64C-4722-9807-9ABB1054D43A}.Unicode Release MinDependency|x86.Build.0 = Release|Win32
		{D0E894E7-F64C-4722-9807-9ABB1054D43A}.Unicode Release MinSize|Win32.ActiveCfg = Release|Win32
		{D0E894E7-F64C-4722-9807-9ABB1054D43A}.Unicode Release MinSize|Win32.Build.0 = Release|Win32
		{D0E894E7-F64C-4722-9807-9ABB1054D43A}.Unicode Release MinSize|x64.ActiveCfg = Release|x64
		{D0E894E7-F64C-4722-9807-9ABB1054D43A}.Unicode Release MinSize|x64.Build.0 = Release|x64
		{D0E894E7-F64C-4722-9807-9ABB1054D43A}.Unicode Release MinSize|x86.ActiveCfg = Release|Win32
		{D0E894E7-F64C-4722-9807-9ABB1054D43A}.Unicode Release MinSize|x86.Build.0 = Release|Win32
		{B2A68D1B-3EB3-4B16-B634-8D36AC4266EC}.Debug release|Win32.ActiveCfg = Debug|Win32
		{B2A68D1B-3EB3-4B16-B634-8D36AC4266EC}.Debug release|Win32.Build.0 = Debug|Win32
		{B2A68D1B-3EB3-4B16-B634-8D36AC4266EC}.Debug release|x64.ActiveCfg = Debug|x64
		{B2A68D1B-3EB3-4B16-B634-8D36AC4266EC}.Debug release|x64.Build.0 = Debug|x64
		{B2A68D1B-3EB3-4B16-B634-8D36AC4266EC}.Debug release|x86.ActiveCfg = Debug|Win32
		{B2A68D1B-3EB3-4B16-B634-8D36AC4266EC}.Debug release|x86.Build.0 = Debug|Win32
		{B2A68D1B-3EB3-4B16-B634-8D36AC4266EC}.Debug|Win32.ActiveCfg = Debug|Win32
		{B2A68D1B-3EB3-4B16-B634-8D36AC4266EC}.Debug|Win32.Build.0 = Debug|Win32
		{B2A68D1B-3EB3-4B16-B634-8D36AC4266EC}.Debug|x64.ActiveCfg = Debug|x64
		{B2A68D1B-3EB3-4B16-B634-8D36AC4266EC}.Debug|x64.Build.0 = Debug|x64
		{B2A68D1B-3EB3-4B16-B634-8D36AC4266EC}.Debug|x86.ActiveCfg = Debug|Win32
		{B2A68D1B-3EB3-4B16-B634-8D36AC4266EC}.Debug|x86.Build.0 = Debug|Win32
		{B2A68D1B-3EB3-4B16-B634-8D36AC4266EC}.DLL ASM Debug|Win32.ActiveCfg = Debug|Win32
		{B2A68D1B-3EB3-4B16-B634-8D36AC4266EC}.DLL ASM Debug|Win32.Build.0 = Debug|Win32
		{B2A68D1B-3EB3-4B16-B634-8D36AC4266EC}.DLL ASM Debug|x64.ActiveCfg = Debug|x64
		{B2A68D1B-3EB3-4B16-B634-8D36AC4266EC}.DLL ASM Debug|x64.Build.0 = Debug|x64
		{B2A68D1B-3EB3-4B16-B634-8D36AC4266EC}.DLL ASM Debug|x86.ActiveCfg = Debug|Win32
		{B2A68D1B-3EB3-4B16-B634-8D36AC4266EC}.DLL ASM Debug|x86.Build.0 = Debug|Win32
		{B2A68D1B-3EB3-4B16-B634-8D36AC4266EC}.DLL ASM Release|Win32.ActiveCfg = Release|Win32
		{B2A68D1B-3EB3-4B16-B634-8D36AC4266EC}.DLL ASM Release|Win32.Build.0 = Release|Win32
		{B2A68D1B-3EB3-4B16-B634-8D36AC4266EC}.DLL ASM Release|x64.ActiveCfg = Release|x64
		{B2A68D1B-3EB3-4B16-B634-8D36AC4266EC}.DLL ASM Release|x64.Build.0 = Release|x64
		{B2A68D1B-3EB3-4B16-B634-8D36AC4266EC}.DLL ASM Release|x86.ActiveCfg = Release|Win32
		{B2A68D1B-3EB3-4B16-B634-8D36AC4266EC}.DLL ASM Release|x86.Build.0 = Release|Win32
		{B2A68D1B-3EB3-4B16-B634-8D36AC4266EC}.DLL Debug|Win32.ActiveCfg = Debug|Win32
		{B2A68D1B-3EB3-4B16-B634-8D36AC4266EC}.DLL Debug|Win32.Build.0 = Debug|Win32
		{B2A68D1B-3EB3-4B16-B634-8D36AC4266EC}.DLL Debug|x64.ActiveCfg = Debug|x64
		{B2A68D1B-3EB3-4B16-B634-8D36AC4266EC}.DLL Debug|x64.Build.0 = Debug|x64
		{B2A68D1B-3EB3-4B16-B634-8D36AC4266EC}.DLL Debug|x86.ActiveCfg = Debug|Win32
		{B2A68D1B-3EB3-4B16-B634-8D36AC4266EC}.DLL Debug|x86.Build.0 = Debug|Win32
		{B2A68D1B-3EB3-4B16-B634-8D36AC4266EC}.DLL Release|Win32.ActiveCfg = Release|Win32
		{B2A68D1B-3EB3-4B16-B634-8D36AC4266EC}.DLL Release|Win32.Build.0 = Release|Win32
		{B2A68D1B-3EB3-4B16-B634-8D36AC4266EC}.DLL Release|x64.ActiveCfg = Release|x64
		{B2A68D1B-3EB3-4B16-B634-8D36AC4266EC}.DLL Release|x64.Build.0 = Release|x64
		{B2A68D1B-3EB3-4B16-B634-8D36AC4266EC}.DLL Release|x86.ActiveCfg = Release|Win32
		{B2A68D1B-3EB3-4B16-B634-8D36AC4266EC}.DLL Release|x86.Build.0 = Release|Win32
		{B2A68D1B-3EB3-4B16-B634-8D36AC4266EC}.LIB ASM Debug|Win32.ActiveCfg = Debug|Win32
		{B2A68D1B-3EB3-4B16-B634-8D36AC4266EC}.LIB ASM Debug|Win32.Build.0 = Debug|Win32
		{B2A68D1B-3EB3-4B16-B634-8D36AC4266EC}.LIB ASM Debug|x64.ActiveCfg = Debug|x64
		{B2A68D1B-3EB3-4B16-B634-8D36AC4266EC}.LIB ASM Debug|x64.Build.0 = Debug|x64
		{B2A68D1B-3EB3-4B16-B634-8D36AC4266EC}.LIB ASM Debug|x86.ActiveCfg = Debug|Win32
		{B2A68D1B-3EB3-4B16-B634-8D36AC4266EC}.LIB ASM Debug|x86.Build.0 = Debug|Win32
		{B2A68D1B-3EB3-4B16-B634-8D36AC4266EC}.LIB ASM Release|Win32.ActiveCfg = Release|Win32
		{B2A68D1B-3EB3-4B16-B634-8D36AC4266EC}.LIB ASM Release|Win32.Build.0 = Release|Win32
		{B2A68D1B-3EB3-4B16-B634-8D36AC4266EC}.LIB ASM Release|x64.ActiveCfg = Release|x64
		{B2A68D1B-3EB3-4B16-B634-8D36AC4266EC}.LIB ASM Release|x64.Build.0 = Release|x64
		{B2A68D1B-3EB3-4B16-B634-8D36AC4266EC}.LIB ASM Release|x86.ActiveCfg = Release|Win32
		{B2A68D1B-3EB3-4B16-B634-8D36AC4266EC}.LIB ASM Release|x86.Build.0 = Release|Win32
		{B2A68D1B-3EB3-4B16-B634-8D36AC4266EC}.LIB Debug|Win32.ActiveCfg = Debug|Win32
		{B2A68D1B-3EB3-4B16-B634-8D36AC4266EC}.LIB Debug|Win32.Build.0 = Debug|Win32
		{B2A68D1B-3EB3-4B16-B634-8D36AC4266EC}.LIB Debug|x64.ActiveCfg = Debug|x64
		{B2A68D1B-3EB3-4B16-B634-8D36AC4266EC}.LIB Debug|x64.Build.0 = Debug|x64
		{B2A68D1B-3EB3-4B16-B634-8D36AC4266EC}.LIB Debug|x86.ActiveCfg = Debug|Win32
		{B2A68D1B-3EB3-4B16-B634-8D36AC4266EC}.LIB Debug|x86.Build.0 = Debug|Win32
		{B2A68D1B-3EB3-4B16-B634-8D36AC4266EC}.LIB Release|Win32.ActiveCfg = Release|Win32
		{B2A68D1B-3EB3-4B16-B634-8D36AC4266EC}.LIB Release|Win32.Build.0 = Release|Win32
		{B2A68D1B-3EB3-4B16-B634-8D36AC4266EC}.LIB Release|x64.ActiveCfg = Release|x64
		{B2A68D1B-3EB3-4B16-B634-8D36AC4266EC}.LIB Release|x64.Build.0 = Release|x64
		{B2A68D1B-3EB3-4B16-B634-8D36AC4266EC}.LIB Release|x86.ActiveCfg = Release|Win32
		{B2A68D1B-3EB3-4B16-B634-8D36AC4266EC}.LIB Release|x86.Build.0 = Release|Win32
		{B2A68D1B-3EB3-4B16-B634-8D36AC4266EC}.Release MinDependency|Win32.ActiveCfg = Release|Win32
		{B2A68D1B-3EB3-4B16-B634-8D36AC4266EC}.Release MinDependency|Win32.Build.0 = Release|Win32
		{B2A68D1B-3EB3-4B16-B634-8D36AC4266EC}.Release MinDependency|x64.ActiveCfg = Release|x64
		{B2A68D1B-3EB3-4B16-B634-8D36AC4266EC}.Release MinDependency|x64.Build.0 = Release|x64
		{B2A68D1B-3EB3-4B16-B634-8D36AC4266EC}.Release MinDependency|x86.ActiveCfg = Release|Win32
		{B2A68D1B-3EB3-4B16-B634-8D36AC4266EC}.Release MinDependency|x86.Build.0 = Release|Win32
		{B2A68D1B-3EB3-4B16-B634-8D36AC4266EC}.Release MinSize|Win32.ActiveCfg = Release|Win32
		{B2A68D1B-3EB3-4B16-B634-8D36AC4266EC}.Release MinSize|Win32.Build.0 = Release|Win32
		{B2A68D1B-3EB3-4B16-B634-8D36AC4266EC}.Release MinSize|x64.ActiveCfg = Release|x64
		{B2A68D1B-3EB3-4B16-B634-8D36AC4266EC}.Release MinSize|x64.Build.0 = Release|x64
		{B2A68D1B-3EB3-4B16-B634-8D36AC4266EC}.Release MinSize|x86.ActiveCfg = Release|Win32
		{B2A68D1B-3EB3-4B16-B634-8D36AC4266EC}.Release MinSize|x86.Build.0 = Release|Win32
		{B2A68D1B-3EB3-4B16-B634-8D36AC4266EC}.Release|Win32.ActiveCfg = Release|Win32
		{B2A68D1B-3EB3-4B16-B634-8D36AC4266EC}.Release|Win32.Build.0 = Release|Win32
		{B2A68D1B-3EB3-4B16-B634-8D36AC4266EC}.Release|x64.ActiveCfg = Release|x64
		{B2A68D1B-3EB3-4B16-B634-8D36AC4266EC}.Release|x64.Build.0 = Release|x64
		{B2A68D1B-3EB3-4B16-B634-8D36AC4266EC}.Release|x86.ActiveCfg = Release|Win32
		{B2A68D1B-3EB3-4B16-B634-8D36AC4266EC}.Release|x86.Build.0 = Release|Win32
		{B2A68D1B-3EB3-4B16-B634-8D36AC4266EC}.ReleaseWithoutAsm|Win32.ActiveCfg = Release|x64
		{B2A68D1B-3EB3-4B16-B634-8D36AC4266EC}.ReleaseWithoutAsm|x64.ActiveCfg = Release|x64
		{B2A68D1B-3EB3-4B16-B634-8D36AC4266EC}.ReleaseWithoutAsm|x64.Build.0 = Release|x64
		{B2A68D1B-3EB3-4B16-B634-8D36AC4266EC}.ReleaseWithoutAsm|x86.ActiveCfg = Release|Win32
		{B2A68D1B-3EB3-4B16-B634-8D36AC4266EC}.ReleaseWithoutAsm|x86.Build.0 = Release|Win32
		{B2A68D1B-3EB3-4B16-B634-8D36AC4266EC}.Unicode Debug|Win32.ActiveCfg = Debug|Win32
		{B2A68D1B-3EB3-4B16-B634-8D36AC4266EC}.Unicode Debug|Win32.Build.0 = Debug|Win32
		{B2A68D1B-3EB3-4B16-B634-8D36AC4266EC}.Unicode Debug|x64.ActiveCfg = Debug|x64
		{B2A68D1B-3EB3-4B16-B634-8D36AC4266EC}.Unicode Debug|x64.Build.0 = Debug|x64
		{B2A68D1B-3EB3-4B16-B634-8D36AC4266EC}.Unicode Debug|x86.ActiveCfg = Debug|Win32
		{B2A68D1B-3EB3-4B16-B634-8D36AC4266EC}.Unicode Debug|x86.Build.0 = Debug|Win32
		{B2A68D1B-3EB3-4B16-B634-8D36AC4266EC}.Unicode Release MinDependency|Win32.ActiveCfg = Release|Win32
		{B2A68D1B-3EB3-4B16-B634-8D36AC4266EC}.Unicode Release MinDependency|Win32.Build.0 = Release|Win32
		{B2A68D1B-3EB3-4B16-B634-8D36AC4266EC}.Unicode Release MinDependency|x64.ActiveCfg = Release|x64
		{B2A68D1B-3EB3-4B16-B634-8D36AC4266EC}.Unicode Release MinDependency|x64.Build.0 = Release|x64
		{B2A68D1B-3EB3-4B16-B634-8D36AC4266EC}.Unicode Release MinDependency|x86.ActiveCfg = Release|Win32
		{B2A68D1B-3EB3-4B16-B634-8D36AC4266EC}.Unicode Release MinDependency|x86.Build.0 = Release|Win32
		{B2A68D1B-3EB3-4B16-B634-8D36AC4266EC}.Unicode Release MinSize|Win32.ActiveCfg = Release|Win32
		{B2A68D1B-3EB3-4B16-B634-8D36AC4266EC}.Unicode Release MinSize|Win32.Build.0 = Release|Win32
		{B2A68D1B-3EB3-4B16-B634-8D36AC4266EC}.Unicode Release MinSize|x64.ActiveCfg = Release|x64
		{B2A68D1B-3EB3-4B16-B634-8D36AC4266EC}.Unicode Release MinSize|x64.Build.0 = Release|x64
		{B2A68D1B-3EB3-4B16-B634-8D36AC4266EC}.Unicode Release MinSize|x86.ActiveCfg = Release|Win32
		{B2A68D1B-3EB3-4B16-B634-8D36AC4266EC}.Unicode Release MinSize|x86.Build.0 = Release|Win32
		{4C31F79A-9DAB-44CE-88D6-0FF961599AAB}.Debug release|Win32.ActiveCfg = Debug|Win32
		{4C31F79A-9DAB-44CE-88D6-0FF961599AAB}.Debug release|Win32.Build.0 = Debug|Win32
		{4C31F79A-9DAB-44CE-88D6-0FF961599AAB}.Debug release|x64.ActiveCfg = Debug|x64
		{4C31F79A-9DAB-44CE-88D6-0FF961599AAB}.Debug release|x64.Build.0 = Debug|x64
		{4C31F79A-9DAB-44CE-88D6-0FF961599AAB}.Debug release|x86.ActiveCfg = Debug|Win32
		{4C31F79A-9DAB-44CE-88D6-0FF961599AAB}.Debug release|x86.Build.0 = Debug|Win32
		{4C31F79A-9DAB-44CE-88D6-0FF961599AAB}.Debug|Win32.ActiveCfg = Debug|Win32
		{4C31F79A-9DAB-44CE-88D6-0FF961599AAB}.Debug|Win32.Build.0 = Debug|Win32
		{4C31F79A-9DAB-44CE-88D6-0FF961599AAB}.Debug|x64.ActiveCfg = Debug|x64
		{4C31F79A-9DAB-44CE-88D6-0FF961599AAB}.Debug|x64.Build.0 = Debug|x64
		{4C31F79A-9DAB-44CE-88D6-0FF961599AAB}.Debug|x86.ActiveCfg = Debug|Win32
		{4C31F79A-9DAB-44CE-88D6-0FF961599AAB}.Debug|x86.Build.0 = Debug|Win32
		{4C31F79A-9DAB-44CE-88D6-0FF961599AAB}.DLL ASM Debug|Win32.ActiveCfg = Debug|Win32
		{4C31F79A-9DAB-44CE-88D6-0FF961599AAB}.DLL ASM Debug|Win32.Build.0 = Debug|Win32
		{4C31F79A-9DAB-44CE-88D6-0FF961599AAB}.DLL ASM Debug|x64.ActiveCfg = Debug|x64
		{4C31F79A-9DAB-44CE-88D6-0FF961599AAB}.DLL ASM Debug|x64.Build.0 = Debug|x64
		{4C31F79A-9DAB-44CE-88D6-0FF961599AAB}.DLL ASM Debug|x86.ActiveCfg = Debug|Win32
		{4C31F79A-9DAB-44CE-88D6-0FF961599AAB}.DLL ASM Debug|x86.Build.0 = Debug|Win32
		{4C31F79A-9DAB-44CE-88D6-0FF961599AAB}.DLL ASM Release|Win32.ActiveCfg = Release|Win32
		{4C31F79A-9DAB-44CE-88D6-0FF961599AAB}.DLL ASM Release|Win32.Build.0 = Release|Win32
		{4C31F79A-9DAB-44CE-88D6-0FF961599AAB}.DLL ASM Release|x64.ActiveCfg = Release|x64
		{4C31F79A-9DAB-44CE-88D6-0FF961599AAB}.DLL ASM Release|x64.Build.0 = Release|x64
		{4C31F79A-9DAB-44CE-88D6-0FF961599AAB}.DLL ASM Release|x86.ActiveCfg = Release|Win32
		{4C31F79A-9DAB-44CE-88D6-0FF961599AAB}.DLL ASM Release|x86.Build.0 = Release|Win32
		{4C31F79A-9DAB-44CE-88D6-0FF961599AAB}.DLL Debug|Win32.ActiveCfg = Debug|Win32
		{4C31F79A-9DAB-44CE-88D6-0FF961599AAB}.DLL Debug|Win32.Build.0 = Debug|Win32
		{4C31F79A-9DAB-44CE-88D6-0FF961599AAB}.DLL Debug|x64.ActiveCfg = Debug|x64
		{4C31F79A-9DAB-44CE-88D6-0FF961599AAB}.DLL Debug|x64.Build.0 = Debug|x64
		{4C31F79A-9DAB-44CE-88D6-0FF961599AAB}.DLL Debug|x86.ActiveCfg = Debug|Win32
		{4C31F79A-9DAB-44CE-88D6-0FF961599AAB}.DLL Debug|x86.Build.0 = Debug|Win32
		{4C31F79A-9DAB-44CE-88D6-0FF961599AAB}.DLL Release|Win32.ActiveCfg = Release|Win32
		{4C31F79A-9DAB-44CE-88D6-0FF961599AAB}.DLL Release|Win32.Build.0 = Release|Win32
		{4C31F79A-9DAB-44CE-88D6-0FF961599AAB}.DLL Release|x64.ActiveCfg = Release|x64
		{4C31F79A-9DAB-44CE-88D6-0FF961599AAB}.DLL Release|x64.Build.0 = Release|x64
		{4C31F79A-9DAB-44CE-88D6-0FF961599AAB}.DLL Release|x86.ActiveCfg = Release|Win32
		{4C31F79A-9DAB-44CE-88D6-0FF961599AAB}.DLL Release|x86.Build.0 = Release|Win32
		{4C31F79A-9DAB-44CE-88D6-0FF961599AAB}.LIB ASM Debug|Win32.ActiveCfg = Debug|Win32
		{4C31F79A-9DAB-44CE-88D6-0FF961599AAB}.LIB ASM Debug|Win32.Build.0 = Debug|Win32
		{4C31F79A-9DAB-44CE-88D6-0FF961599AAB}.LIB ASM Debug|x64.ActiveCfg = Debug|x64
		{4C31F79A-9DAB-44CE-88D6-0FF961599AAB}.LIB ASM Debug|x64.Build.0 = Debug|x64
		{4C31F79A-9DAB-44CE-88D6-0FF961599AAB}.LIB ASM Debug|x86.ActiveCfg = Debug|Win32
		{4C31F79A-9DAB-44CE-88D6-0FF961599AAB}.LIB ASM Debug|x86.Build.0 = Debug|Win32
		{4C31F79A-9DAB-44CE-88D6-0FF961599AAB}.LIB ASM Release|Win32.ActiveCfg = Release|Win32
		{4C31F79A-9DAB-44CE-88D6-0FF961599AAB}.LIB ASM Release|Win32.Build.0 = Release|Win32
		{4C31F79A-9DAB-44CE-88D6-0FF961599AAB}.LIB ASM Release|x64.ActiveCfg = Release|x64
		{4C31F79A-9DAB-44CE-88D6-0FF961599AAB}.LIB ASM Release|x64.Build.0 = Release|x64
		{4C31F79A-9DAB-44CE-88D6-0FF961599AAB}.LIB ASM Release|x86.ActiveCfg = Release|Win32
		{4C31F79A-9DAB-44CE-88D6-0FF961599AAB}.LIB ASM Release|x86.Build.0 = Release|Win32
		{4C31F79A-9DAB-44CE-88D6-0FF961599AAB}.LIB Debug|Win32.ActiveCfg = Debug|Win32
		{4C31F79A-9DAB-44CE-88D6-0FF961599AAB}.LIB Debug|Win32.Build.0 = Debug|Win32
		{4C31F79A-9DAB-44CE-88D6-0FF961599AAB}.LIB Debug|x64.ActiveCfg = Debug|x64
		{4C31F79A-9DAB-44CE-88D6-0FF961599AAB}.LIB Debug|x64.Build.0 = Debug|x64
		{4C31F79A-9DAB-44CE-88D6-0FF961599AAB}.LIB Debug|x86.ActiveCfg = Debug|Win32
		{4C31F79A-9DAB-44CE-88D6-0FF961599AAB}.LIB Debug|x86.Build.0 = Debug|Win32
		{4C31F79A-9DAB-44CE-88D6-0FF961599AAB}.LIB Release|Win32.ActiveCfg = Release|Win32
		{4C31F79A-9DAB-44CE-88D6-0FF961599AAB}.LIB Release|Win32.Build.0 = Release|Win32
		{4C31F79A-9DAB-44CE-88D6-0FF961599AAB}.LIB Release|x64.ActiveCfg = Release|x64
		{4C31F79A-9DAB-44CE-88D6-0FF961599AAB}.LIB Release|x64.Build.0 = Release|x64
		{4C31F79A-9DAB-44CE-88D6-0FF961599AAB}.LIB Release|x86.ActiveCfg = Release|Win32
		{4C31F79A-9DAB-44CE-88D6-0FF961599AAB}.LIB Release|x86.Build.0 = Release|Win32
		{4C31F79A-9DAB-44CE-88D6-0FF961599AAB}.Release MinDependency|Win32.ActiveCfg = Release|Win32
		{4C31F79A-9DAB-44CE-88D6-0FF961599AAB}.Release MinDependency|Win32.Build.0 = Release|Win32
		{4C31F79A-9DAB-44CE-88D6-0FF961599AAB}.Release MinDependency|x64.ActiveCfg = Release|x64
		{4C31F79A-9DAB-44CE-88D6-0FF961599AAB}.Release MinDependency|x64.Build.0 = Release|x64
		{4C31F79A-9DAB-44CE-88D6-0FF961599AAB}.Release MinDependency|x86.ActiveCfg = Release|Win32
		{4C31F79A-9DAB-44CE-88D6-0FF961599AAB}.Release MinDependency|x86.Build.0 = Release|Win32
		{4C31F79A-9DAB-44CE-88D6-0FF961599AAB}.Release MinSize|Win32.ActiveCfg = Release|Win32
		{4C31F79A-9DAB-44CE-88D6-0FF961599AAB}.Release MinSize|Win32.Build.0 = Release|Win32
		{4C31F79A-9DAB-44CE-88D6-0FF961599AAB}.Release MinSize|x64.ActiveCfg = Release|x64
		{4C31F79A-9DAB-44CE-88D6-0FF961599AAB}.Release MinSize|x64.Build.0 = Release|x64
		{4C31F79A-9DAB-44CE-88D6-0FF961599AAB}.Release MinSize|x86.ActiveCfg = Release|Win32
		{4C31F79A-9DAB-44CE-88D6-0FF961599AAB}.Release MinSize|x86.Build.0 = Release|Win32
		{4C31F79A-9DAB-44CE-88D6-0FF961599AAB}.Release|Win32.ActiveCfg = Release|Win32
		{4C31F79A-9DAB-44CE-88D6-0FF961599AAB}.Release|Win32.Build.0 = Release|Win32
		{4C31F79A-9DAB-44CE-88D6-0FF961599AAB}.Release|x64.ActiveCfg = Release|x64
		{4C31F79A-9DAB-44CE-88D6-0FF961599AAB}.Release|x64.Build.0 = Release|x64
		{4C31F79A-9DAB-44CE-88D6-0FF961599AAB}.Release|x86.ActiveCfg = Release|Win32
		{4C31F79A-9DAB-44CE-88D6-0FF961599AAB}.Release|x86.Build.0 = Release|Win32
		{4C31F79A-9DAB-44CE-88D6-0FF961599AAB}.ReleaseWithoutAsm|Win32.ActiveCfg = Release|x64
		{4C31F79A-9DAB-44CE-88D6-0FF961599AAB}.ReleaseWithoutAsm|x64.ActiveCfg = Release|x64
		{4C31F79A-9DAB-44CE-88D6-0FF961599AAB}.ReleaseWithoutAsm|x64.Build.0 = Release|x64
		{4C31F79A-9DAB-44CE-88D6-0FF961599AAB}.ReleaseWithoutAsm|x86.ActiveCfg = Release|Win32
		{4C31F79A-9DAB-44CE-88D6-0FF961599AAB}.ReleaseWithoutAsm|x86.Build.0 = Release|Win32
		{4C31F79A-9DAB-44CE-88D6-0FF961599AAB}.Unicode Debug|Win32.ActiveCfg = Debug|Win32
		{4C31F79A-9DAB-44CE-88D6-0FF961599AAB}.Unicode Debug|Win32.Build.0 = Debug|Win32
		{4C31F79A-9DAB-44CE-88D6-0FF961599AAB}.Unicode Debug|x64.ActiveCfg = Debug|x64
		{4C31F79A-9DAB-44CE-88D6-0FF961599AAB}.Unicode Debug|x64.Build.0 = Debug|x64
		{4C31F79A-9DAB-44CE-88D6-0FF961599AAB}.Unicode Debug|x86.ActiveCfg = Debug|Win32
		{4C31F79A-9DAB-44CE-88D6-0FF961599AAB}.Unicode Debug|x86.Build.0 = Debug|Win32
		{4C31F79A-9DAB-44CE-88D6-0FF961599AAB}.Unicode Release MinDependency|Win32.ActiveCfg = Release|Win32
		{4C31F79A-9DAB-44CE-88D6-0FF961599AAB}.Unicode Release MinDependency|Win32.Build.0 = Release|Win32
		{4C31F79A-9DAB-44CE-88D6-0FF961599AAB}.Unicode Release MinDependency|x64.ActiveCfg = Release|x64
		{4C31F79A-9DAB-44CE-88D6-0FF961599AAB}.Unicode Release MinDependency|x64.Build.0 = Release|x64
		{4C31F79A-9DAB-44CE-88D6-0FF961599AAB}.Unicode Release MinDependency|x86.ActiveCfg = Release|Win32
		{4C31F79A-9DAB-44CE-88D6-0FF961599AAB}.Unicode Release MinDependency|x86.Build.0 = Release|Win32
		{4C31F79A-9DAB-44CE-88D6-0FF961599AAB}.Unicode Release MinSize|Win32.ActiveCfg = Release|Win32
		{4C31F79A-9DAB-44CE-88D6-0FF961599AAB}.Unicode Release MinSize|Win32.Build.0 = Release|Win32
		{4C31F79A-9DAB-44CE-88D6-0FF961599AAB}.Unicode Release MinSize|x64.ActiveCfg = Release|x64
		{4C31F79A-9DAB-44CE-88D6-0FF961599AAB}.Unicode Release MinSize|x64.Build.0 = Release|x64
		{4C31F79A-9DAB-44CE-88D6-0FF961599AAB}.Unicode Release MinSize|x86.ActiveCfg = Release|Win32
		{4C31F79A-9DAB-44CE-88D6-0FF961599AAB}.Unicode Release MinSize|x86.Build.0 = Release|Win32
		{76424734-BC12-4472-ABE2-B5C7A4A0B733}.Debug release|Win32.ActiveCfg = Debug|Win32
		{76424734-BC12-4472-ABE2-B5C7A4A0B733}.Debug release|Win32.Build.0 = Debug|Win32
		{76424734-BC12-4472-ABE2-B5C7A4A0B733}.Debug release|x64.ActiveCfg = Debug|x64
		{76424734-BC12-4472-ABE2-B5C7A4A0B733}.Debug release|x64.Build.0 = Debug|x64
		{76424734-BC12-4472-ABE2-B5C7A4A0B733}.Debug release|x86.ActiveCfg = Debug|Win32
		{76424734-BC12-4472-ABE2-B5C7A4A0B733}.Debug release|x86.Build.0 = Debug|Win32
		{76424734-BC12-4472-ABE2-B5C7A4A0B733}.Debug|Win32.ActiveCfg = Debug|Win32
		{76424734-BC12-4472-ABE2-B5C7A4A0B733}.Debug|x64.ActiveCfg = Debug|x64
		{76424734-BC12-4472-ABE2-B5C7A4A0B733}.Debug|x86.ActiveCfg = Debug|Win32
		{76424734-BC12-4472-ABE2-B5C7A4A0B733}.Debug|x86.Build.0 = Debug|Win32
		{76424734-BC12-4472-ABE2-B5C7A4A0B733}.DLL ASM Debug|Win32.ActiveCfg = Debug|Win32
		{76424734-BC12-4472-ABE2-B5C7A4A0B733}.DLL ASM Debug|Win32.Build.0 = Debug|Win32
		{76424734-BC12-4472-ABE2-B5C7A4A0B733}.DLL ASM Debug|x64.ActiveCfg = Debug|x64
		{76424734-BC12-4472-ABE2-B5C7A4A0B733}.DLL ASM Debug|x64.Build.0 = Debug|x64
		{76424734-BC12-4472-ABE2-B5C7A4A0B733}.DLL ASM Debug|x86.ActiveCfg = Debug|Win32
		{76424734-BC12-4472-ABE2-B5C7A4A0B733}.DLL ASM Debug|x86.Build.0 = Debug|Win32
		{76424734-BC12-4472-ABE2-B5C7A4A0B733}.DLL ASM Release|Win32.ActiveCfg = Release|Win32
		{76424734-BC12-4472-ABE2-B5C7A4A0B733}.DLL ASM Release|Win32.Build.0 = Release|Win32
		{76424734-BC12-4472-ABE2-B5C7A4A0B733}.DLL ASM Release|x64.ActiveCfg = Release|x64
		{76424734-BC12-4472-ABE2-B5C7A4A0B733}.DLL ASM Release|x64.Build.0 = Release|x64
		{76424734-BC12-4472-ABE2-B5C7A4A0B733}.DLL ASM Release|x86.ActiveCfg = Release|Win32
		{76424734-BC12-4472-ABE2-B5C7A4A0B733}.DLL ASM Release|x86.Build.0 = Release|Win32
		{76424734-BC12-4472-ABE2-B5C7A4A0B733}.DLL Debug|Win32.ActiveCfg = Debug|Win32
		{76424734-BC12-4472-ABE2-B5C7A4A0B733}.DLL Debug|Win32.Build.0 = Debug|Win32
		{76424734-BC12-4472-ABE2-B5C7A4A0B733}.DLL Debug|x64.ActiveCfg = Debug|x64
		{76424734-BC12-4472-ABE2-B5C7A4A0B733}.DLL Debug|x64.Build.0 = Debug|x64
		{76424734-BC12-4472-ABE2-B5C7A4A0B733}.DLL Debug|x86.ActiveCfg = Debug|Win32
		{76424734-BC12-4472-ABE2-B5C7A4A0B733}.DLL Debug|x86.Build.0 = Debug|Win32
		{76424734-BC12-4472-ABE2-B5C7A4A0B733}.DLL Release|Win32.ActiveCfg = Release|Win32
		{76424734-BC12-4472-ABE2-B5C7A4A0B733}.DLL Release|Win32.Build.0 = Release|Win32
		{76424734-BC12-4472-ABE2-B5C7A4A0B733}.DLL Release|x64.ActiveCfg = Release|x64
		{76424734-BC12-4472-ABE2-B5C7A4A0B733}.DLL Release|x64.Build.0 = Release|x64
		{76424734-BC12-4472-ABE2-B5C7A4A0B733}.DLL Release|x86.ActiveCfg = Release|Win32
		{76424734-BC12-4472-ABE2-B5C7A4A0B733}.DLL Release|x86.Build.0 = Release|Win32
		{76424734-BC12-4472-ABE2-B5C7A4A0B733}.LIB ASM Debug|Win32.ActiveCfg = Debug|Win32
		{76424734-BC12-4472-ABE2-B5C7A4A0B733}.LIB ASM Debug|Win32.Build.0 = Debug|Win32
		{76424734-BC12-4472-ABE2-B5C7A4A0B733}.LIB ASM Debug|x64.ActiveCfg = Debug|x64
		{76424734-BC12-4472-ABE2-B5C7A4A0B733}.LIB ASM Debug|x64.Build.0 = Debug|x64
		{76424734-BC12-4472-ABE2-B5C7A4A0B733}.LIB ASM Debug|x86.ActiveCfg = Debug|Win32
		{76424734-BC12-4472-ABE2-B5C7A4A0B733}.LIB ASM Debug|x86.Build.0 = Debug|Win32
		{76424734-BC12-4472-ABE2-B5C7A4A0B733}.LIB ASM Release|Win32.ActiveCfg = Release|Win32
		{76424734-BC12-4472-ABE2-B5C7A4A0B733}.LIB ASM Release|Win32.Build.0 = Release|Win32
		{76424734-BC12-4472-ABE2-B5C7A4A0B733}.LIB ASM Release|x64.ActiveCfg = Release|x64
		{76424734-BC12-4472-ABE2-B5C7A4A0B733}.LIB ASM Release|x64.Build.0 = Release|x64
		{76424734-BC12-4472-ABE2-B5C7A4A0B733}.LIB ASM Release|x86.ActiveCfg = Release|Win32
		{76424734-BC12-4472-ABE2-B5C7A4A0B733}.LIB ASM Release|x86.Build.0 = Release|Win32
		{76424734-BC12-4472-ABE2-B5C7A4A0B733}.LIB Debug|Win32.ActiveCfg = Debug|Win32
		{76424734-BC12-4472-ABE2-B5C7A4A0B733}.LIB Debug|Win32.Build.0 = Debug|Win32
		{76424734-BC12-4472-ABE2-B5C7A4A0B733}.LIB Debug|x64.ActiveCfg = Debug|x64
		{76424734-BC12-4472-ABE2-B5C7A4A0B733}.LIB Debug|x64.Build.0 = Debug|x64
		{76424734-BC12-4472-ABE2-B5C7A4A0B733}.LIB Debug|x86.ActiveCfg = Debug|Win32
		{76424734-BC12-4472-ABE2-B5C7A4A0B733}.LIB Debug|x86.Build.0 = Debug|Win32
		{76424734-BC12-4472-ABE2-B5C7A4A0B733}.LIB Release|Win32.ActiveCfg = Release|Win32
		{76424734-BC12-4472-ABE2-B5C7A4A0B733}.LIB Release|Win32.Build.0 = Release|Win32
		{76424734-BC12-4472-ABE2-B5C7A4A0B733}.LIB Release|x64.ActiveCfg = Release|x64
		{76424734-BC12-4472-ABE2-B5C7A4A0B733}.LIB Release|x64.Build.0 = Release|x64
		{76424734-BC12-4472-ABE2-B5C7A4A0B733}.LIB Release|x86.ActiveCfg = Release|Win32
		{76424734-BC12-4472-ABE2-B5C7A4A0B733}.LIB Release|x86.Build.0 = Release|Win32
		{76424734-BC12-4472-ABE2-B5C7A4A0B733}.Release MinDependency|Win32.ActiveCfg = Release|Win32
		{76424734-BC12-4472-ABE2-B5C7A4A0B733}.Release MinDependency|Win32.Build.0 = Release|Win32
		{76424734-BC12-4472-ABE2-B5C7A4A0B733}.Release MinDependency|x64.ActiveCfg = Release|x64
		{76424734-BC12-4472-ABE2-B5C7A4A0B733}.Release MinDependency|x64.Build.0 = Release|x64
		{76424734-BC12-4472-ABE2-B5C7A4A0B733}.Release MinDependency|x86.ActiveCfg = Release|Win32
		{76424734-BC12-4472-ABE2-B5C7A4A0B733}.Release MinDependency|x86.Build.0 = Release|Win32
		{76424734-BC12-4472-ABE2-B5C7A4A0B733}.Release MinSize|Win32.ActiveCfg = Release|Win32
		{76424734-BC12-4472-ABE2-B5C7A4A0B733}.Release MinSize|Win32.Build.0 = Release|Win32
		{76424734-BC12-4472-ABE2-B5C7A4A0B733}.Release MinSize|x64.ActiveCfg = Release|x64
		{76424734-BC12-4472-ABE2-B5C7A4A0B733}.Release MinSize|x64.Build.0 = Release|x64
		{76424734-BC12-4472-ABE2-B5C7A4A0B733}.Release MinSize|x86.ActiveCfg = Release|Win32
		{76424734-BC12-4472-ABE2-B5C7A4A0B733}.Release MinSize|x86.Build.0 = Release|Win32
		{76424734-BC12-4472-ABE2-B5C7A4A0B733}.Release|Win32.ActiveCfg = Release|Win32
		{76424734-BC12-4472-ABE2-B5C7A4A0B733}.Release|x64.ActiveCfg = Release|x64
		{76424734-BC12-4472-ABE2-B5C7A4A0B733}.Release|x86.ActiveCfg = Release|Win32
		{76424734-BC12-4472-ABE2-B5C7A4A0B733}.Release|x86.Build.0 = Release|Win32
		{76424734-BC12-4472-ABE2-B5C7A4A0B733}.ReleaseWithoutAsm|Win32.ActiveCfg = Release|x64
		{76424734-BC12-4472-ABE2-B5C7A4A0B733}.ReleaseWithoutAsm|x64.ActiveCfg = Release|x64
		{76424734-BC12-4472-ABE2-B5C7A4A0B733}.ReleaseWithoutAsm|x64.Build.0 = Release|x64
		{76424734-BC12-4472-ABE2-B5C7A4A0B733}.ReleaseWithoutAsm|x86.ActiveCfg = Release|Win32
		{76424734-BC12-4472-ABE2-B5C7A4A0B733}.ReleaseWithoutAsm|x86.Build.0 = Release|Win32
		{76424734-BC12-4472-ABE2-B5C7A4A0B733}.Unicode Debug|Win32.ActiveCfg = Debug|Win32
		{76424734-BC12-4472-ABE2-B5C7A4A0B733}.Unicode Debug|Win32.Build.0 = Debug|Win32
		{76424734-BC12-4472-ABE2-B5C7A4A0B733}.Unicode Debug|x64.ActiveCfg = Debug|x64
		{76424734-BC12-4472-ABE2-B5C7A4A0B733}.Unicode Debug|x64.Build.0 = Debug|x64
		{76424734-BC12-4472-ABE2-B5C7A4A0B733}.Unicode Debug|x86.ActiveCfg = Debug|Win32
		{76424734-BC12-4472-ABE2-B5C7A4A0B733}.Unicode Debug|x86.Build.0 = Debug|Win32
		{76424734-BC12-4472-ABE2-B5C7A4A0B733}.Unicode Release MinDependency|Win32.ActiveCfg = Release|Win32
		{76424734-BC12-4472-ABE2-B5C7A4A0B733}.Unicode Release MinDependency|Win32.Build.0 = Release|Win32
		{76424734-BC12-4472-ABE2-B5C7A4A0B733}.Unicode Release MinDependency|x64.ActiveCfg = Release|x64
		{76424734-BC12-4472-ABE2-B5C7A4A0B733}.Unicode Release MinDependency|x64.Build.0 = Release|x64
		{76424734-BC12-4472-ABE2-B5C7A4A0B733}.Unicode Release MinDependency|x86.ActiveCfg = Release|Win32
		{76424734-BC12-4472-ABE2-B5C7A4A0B733}.Unicode Release MinDependency|x86.Build.0 = Release|Win32
		{76424734-BC12-4472-ABE2-B5C7A4A0B733}.Unicode Release MinSize|Win32.ActiveCfg = Release|Win32
		{76424734-BC12-4472-ABE2-B5C7A4A0B733}.Unicode Release MinSize|Win32.Build.0 = Release|Win32
		{76424734-BC12-4472-ABE2-B5C7A4A0B733}.Unicode Release MinSize|x64.ActiveCfg = Release|x64
		{76424734-BC12-4472-ABE2-B5C7A4A0B733}.Unicode Release MinSize|x64.Build.0 = Release|x64
		{76424734-BC12-4472-ABE2-B5C7A4A0B733}.Unicode Release MinSize|x86.ActiveCfg = Release|Win32
		{76424734-BC12-4472-ABE2-B5C7A4A0B733}.Unicode Release MinSize|x86.Build.0 = Release|Win32
	EndGlobalSection
	GlobalSection(SolutionProperties) = preSolution
		HideSolutionNode = FALSE
	EndGlobalSection
	GlobalSection(ExtensibilityGlobals) = postSolution
		SolutionGuid = {ED3DD3B9-703D-4B81-A52C-1361B6185CF4}
	EndGlobalSection
EndGlobal
