<?xml version="1.0" encoding="utf-8"?>
<Project ToolsVersion="4.0" xmlns="http://schemas.microsoft.com/developer/msbuild/2003">
  <ItemGroup>
    <Filter Include="Header Files">
      <UniqueIdentifier>{78397ab3-c7d2-4ce6-9744-1fab84af8291}</UniqueIdentifier>
      <Extensions>h;hpp;hxx;hm;inl</Extensions>
    </Filter>
    <Filter Include="Resource Files">
      <UniqueIdentifier>{be5807db-22db-4a4f-93e6-3971f819cbb5}</UniqueIdentifier>
      <Extensions>ico;cur;bmp;dlg;rc2;rct;bin;rgs;gif;jpg;jpeg;jpe</Extensions>
    </Filter>
    <Filter Include="Source Files">
      <UniqueIdentifier>{96baae1c-d6b8-483d-b5a1-bdf896999348}</UniqueIdentifier>
      <Extensions>cpp;c;cxx;rc;def;r;odl;idl;hpj;bat</Extensions>
    </Filter>
  </ItemGroup>
  <ItemGroup>
    <ClInclude Include="about.h">
      <Filter>Header Files</Filter>
    </ClInclude>
    <ClInclude Include="AddFilter.h">
      <Filter>Header Files</Filter>
    </ClInclude>
    <ClInclude Include="BatchUpdate.h">
      <Filter>Header Files</Filter>
    </ClInclude>
    <ClInclude Include="BuildOptions.h">
      <Filter>Header Files</Filter>
    </ClInclude>
    <ClInclude Include="CatchUrl.h">
      <Filter>Header Files</Filter>
    </ClInclude>
    <ClInclude Include="CrashReport.h">
      <Filter>Header Files</Filter>
    </ClInclude>
    <ClInclude Include="DialogContainer.h">
      <Filter>Header Files</Filter>
    </ClInclude>
    <ClInclude Include="DialogHtmlHelp.h">
      <Filter>Header Files</Filter>
    </ClInclude>
    <ClInclude Include="DirTreeView.h">
      <Filter>Header Files</Filter>
    </ClInclude>
    <ClInclude Include="EasyDropTarget.h">
      <Filter>Header Files</Filter>
    </ClInclude>
    <ClInclude Include="ESSAI.H">
      <Filter>Header Files</Filter>
    </ClInclude>
    <ClInclude Include="FirstInfo.h">
      <Filter>Header Files</Filter>
    </ClInclude>
    <ClInclude Include="GET.H">
      <Filter>Header Files</Filter>
    </ClInclude>
    <ClInclude Include="HtmlCtrl.h">
      <Filter>Header Files</Filter>
    </ClInclude>
    <ClInclude Include="HtmlFrm.h">
      <Filter>Header Files</Filter>
    </ClInclude>
    <ClInclude Include="HTMLHelp.h">
      <Filter>Header Files</Filter>
    </ClInclude>
    <ClInclude Include="HTTrackInterface.h">
      <Filter>Header Files</Filter>
    </ClInclude>
    <ClInclude Include="infoend.h">
      <Filter>Header Files</Filter>
    </ClInclude>
    <ClInclude Include="InfoUrl.h">
      <Filter>Header Files</Filter>
    </ClInclude>
    <ClInclude Include="inprogress.h">
      <Filter>Header Files</Filter>
    </ClInclude>
    <ClInclude Include="InsertUrl.h">
      <Filter>Header Files</Filter>
    </ClInclude>
    <ClInclude Include="Iplog.h">
      <Filter>Header Files</Filter>
    </ClInclude>
    <ClInclude Include="LaunchHelp.h">
      <Filter>Header Files</Filter>
    </ClInclude>
    <ClInclude Include="MainFrm.h">
      <Filter>Header Files</Filter>
    </ClInclude>
    <ClInclude Include="MainTab.h">
      <Filter>Header Files</Filter>
    </ClInclude>
    <ClInclude Include="MD5.H">
      <Filter>Header Files</Filter>
    </ClInclude>
    <ClInclude Include="MemRegister.h">
      <Filter>Header Files</Filter>
    </ClInclude>
    <ClInclude Include="NewFolder.h">
      <Filter>Header Files</Filter>
    </ClInclude>
    <ClInclude Include="newlang.h">
      <Filter>Header Files</Filter>
    </ClInclude>
    <ClInclude Include="NewProj.h">
      <Filter>Header Files</Filter>
    </ClInclude>
    <ClInclude Include="OptionTab1.h">
      <Filter>Header Files</Filter>
    </ClInclude>
    <ClInclude Include="OptionTab10.h">
      <Filter>Header Files</Filter>
    </ClInclude>
    <ClInclude Include="OptionTab11.h">
      <Filter>Header Files</Filter>
    </ClInclude>
    <ClInclude Include="OptionTab2.h">
      <Filter>Header Files</Filter>
    </ClInclude>
    <ClInclude Include="OptionTab3.h">
      <Filter>Header Files</Filter>
    </ClInclude>
    <ClInclude Include="OptionTab4.h">
      <Filter>Header Files</Filter>
    </ClInclude>
    <ClInclude Include="OptionTab5.h">
      <Filter>Header Files</Filter>
    </ClInclude>
    <ClInclude Include="OptionTab6.h">
      <Filter>Header Files</Filter>
    </ClInclude>
    <ClInclude Include="OptionTab7.h">
      <Filter>Header Files</Filter>
    </ClInclude>
    <ClInclude Include="OptionTab8.h">
      <Filter>Header Files</Filter>
    </ClInclude>
    <ClInclude Include="OptionTab9.h">
      <Filter>Header Files</Filter>
    </ClInclude>
    <ClInclude Include="ProxyId.h">
      <Filter>Header Files</Filter>
    </ClInclude>
    <ClInclude Include="RasLoad.h">
      <Filter>Header Files</Filter>
    </ClInclude>
    <ClInclude Include="Resource.h">
      <Filter>Header Files</Filter>
    </ClInclude>
    <ClInclude Include="Shell.h">
      <Filter>Header Files</Filter>
    </ClInclude>
    <ClInclude Include="splitter.h">
      <Filter>Header Files</Filter>
    </ClInclude>
    <ClInclude Include="StdAfx.h">
      <Filter>Header Files</Filter>
    </ClInclude>
    <ClInclude Include="trans.h">
      <Filter>Header Files</Filter>
    </ClInclude>
    <ClInclude Include="TreeViewToolTip.h">
      <Filter>Header Files</Filter>
    </ClInclude>
    <ClInclude Include="Wid1.h">
      <Filter>Header Files</Filter>
    </ClInclude>
    <ClInclude Include="WinHTTrack.h">
      <Filter>Header Files</Filter>
    </ClInclude>
    <ClInclude Include="WinHTTrackDoc.h">
      <Filter>Header Files</Filter>
    </ClInclude>
    <ClInclude Include="WinHTTrackView.h">
      <Filter>Header Files</Filter>
    </ClInclude>
    <ClInclude Include="WIZARD.H">
      <Filter>Header Files</Filter>
    </ClInclude>
    <ClInclude Include="WIZARD2.H">
      <Filter>Header Files</Filter>
    </ClInclude>
    <ClInclude Include="WizLinks.h">
      <Filter>Header Files</Filter>
    </ClInclude>
    <ClInclude Include="WizTab.h">
      <Filter>Header Files</Filter>
    </ClInclude>
    <ClInclude Include="XSHBrowseForFolder.h">
      <Filter>Header Files</Filter>
    </ClInclude>
  </ItemGroup>
  <ItemGroup>
    <Image Include="res\ico00001.ico">
      <Filter>Resource Files</Filter>
    </Image>
    <Image Include="res\icon1.ico">
      <Filter>Resource Files</Filter>
    </Image>
    <Image Include="res\icon2.ico">
      <Filter>Resource Files</Filter>
    </Image>
    <Image Include="res\icon3.ico">
      <Filter>Resource Files</Filter>
    </Image>
    <Image Include="res\icon4.ico">
      <Filter>Resource Files</Filter>
    </Image>
    <Image Include="res\icon5.ico">
      <Filter>Resource Files</Filter>
    </Image>
    <Image Include="res\icon6.ico">
      <Filter>Resource Files</Filter>
    </Image>
    <Image Include="res\idr_main.ico">
      <Filter>Resource Files</Filter>
    </Image>
    <Image Include="res\mainfram.bmp">
      <Filter>Resource Files</Filter>
    </Image>
    <Image Include="res\Shell.ico">
      <Filter>Resource Files</Filter>
    </Image>
    <Image Include="res\Toolbar.bmp">
      <Filter>Resource Files</Filter>
    </Image>
  </ItemGroup>
  <ItemGroup>
    <Xml Include="res\manifest.xml">
      <Filter>Resource Files</Filter>
    </Xml>
  </ItemGroup>
  <ItemGroup>
    <None Include="res\www.cur">
      <Filter>Resource Files</Filter>
    </None>
    <None Include="packages.config" />
  </ItemGroup>
  <ItemGroup>
    <ClCompile Include="about.cpp">
      <Filter>Source Files</Filter>
    </ClCompile>
    <ClCompile Include="AddFilter.cpp">
      <Filter>Source Files</Filter>
    </ClCompile>
    <ClCompile Include="BatchUpdate.cpp">
      <Filter>Source Files</Filter>
    </ClCompile>
    <ClCompile Include="BuildOptions.cpp">
      <Filter>Source Files</Filter>
    </ClCompile>
    <ClCompile Include="CatchUrl.cpp">
      <Filter>Source Files</Filter>
    </ClCompile>
    <ClCompile Include="CrashReport.cpp">
      <Filter>Source Files</Filter>
    </ClCompile>
    <ClCompile Include="DialogContainer.cpp">
      <Filter>Source Files</Filter>
    </ClCompile>
    <ClCompile Include="DialogHtmlHelp.cpp">
      <Filter>Source Files</Filter>
    </ClCompile>
    <ClCompile Include="DirTreeView.cpp">
      <Filter>Source Files</Filter>
    </ClCompile>
    <ClCompile Include="EasyDropTarget.cpp">
      <Filter>Source Files</Filter>
    </ClCompile>
    <ClCompile Include="FirstInfo.cpp">
      <Filter>Source Files</Filter>
    </ClCompile>
    <ClCompile Include="HtmlCtrl.cpp">
      <Filter>Source Files</Filter>
    </ClCompile>
    <ClCompile Include="HtmlFrm.cpp">
      <Filter>Source Files</Filter>
    </ClCompile>
    <ClCompile Include="HTMLHelp.cpp">
      <Filter>Source Files</Filter>
    </ClCompile>
    <ClCompile Include="HTTrackInterface.c">
      <Filter>Source Files</Filter>
    </ClCompile>
    <ClCompile Include="Infoend.cpp">
      <Filter>Source Files</Filter>
    </ClCompile>
    <ClCompile Include="InfoUrl.cpp">
      <Filter>Source Files</Filter>
    </ClCompile>
    <ClCompile Include="inprogress.cpp">
      <Filter>Source Files</Filter>
    </ClCompile>
    <ClCompile Include="InsertUrl.cpp">
      <Filter>Source Files</Filter>
    </ClCompile>
    <ClCompile Include="Iplog.cpp">
      <Filter>Source Files</Filter>
    </ClCompile>
    <ClCompile Include="LaunchHelp.cpp">
      <Filter>Source Files</Filter>
    </ClCompile>
    <ClCompile Include="MainFrm.cpp">
      <Filter>Source Files</Filter>
    </ClCompile>
    <ClCompile Include="MainTab.cpp">
      <Filter>Source Files</Filter>
    </ClCompile>
    <ClCompile Include="MemRegister.cpp">
      <Filter>Source Files</Filter>
    </ClCompile>
    <ClCompile Include="NewFolder.cpp">
      <Filter>Source Files</Filter>
    </ClCompile>
    <ClCompile Include="newlang.cpp">
      <Filter>Source Files</Filter>
    </ClCompile>
    <ClCompile Include="NewProj.cpp">
      <Filter>Source Files</Filter>
    </ClCompile>
    <ClCompile Include="OptionTab1.cpp">
      <Filter>Source Files</Filter>
    </ClCompile>
    <ClCompile Include="OptionTab10.cpp">
      <Filter>Source Files</Filter>
    </ClCompile>
    <ClCompile Include="OptionTab11.cpp">
      <Filter>Source Files</Filter>
    </ClCompile>
    <ClCompile Include="OptionTab2.cpp">
      <Filter>Source Files</Filter>
    </ClCompile>
    <ClCompile Include="OptionTab3.cpp">
      <Filter>Source Files</Filter>
    </ClCompile>
    <ClCompile Include="OptionTab4.cpp">
      <Filter>Source Files</Filter>
    </ClCompile>
    <ClCompile Include="OptionTab5.cpp">
      <Filter>Source Files</Filter>
    </ClCompile>
    <ClCompile Include="OptionTab6.cpp">
      <Filter>Source Files</Filter>
    </ClCompile>
    <ClCompile Include="OptionTab7.cpp">
      <Filter>Source Files</Filter>
    </ClCompile>
    <ClCompile Include="OptionTab8.cpp">
      <Filter>Source Files</Filter>
    </ClCompile>
    <ClCompile Include="OptionTab9.cpp">
      <Filter>Source Files</Filter>
    </ClCompile>
    <ClCompile Include="ProxyId.cpp">
      <Filter>Source Files</Filter>
    </ClCompile>
    <ClCompile Include="RasLoad.cpp">
      <Filter>Source Files</Filter>
    </ClCompile>
    <ClCompile Include="Shell.cpp">
      <Filter>Source Files</Filter>
    </ClCompile>
    <ClCompile Include="splitter.cpp">
      <Filter>Source Files</Filter>
    </ClCompile>
    <ClCompile Include="StdAfx.cpp">
      <Filter>Source Files</Filter>
    </ClCompile>
    <ClCompile Include="trans.cpp">
      <Filter>Source Files</Filter>
    </ClCompile>
    <ClCompile Include="TreeViewToolTip.cpp">
      <Filter>Source Files</Filter>
    </ClCompile>
    <ClCompile Include="Wid1.cpp">
      <Filter>Source Files</Filter>
    </ClCompile>
    <ClCompile Include="WinHTTrack.cpp">
      <Filter>Source Files</Filter>
    </ClCompile>
    <ClCompile Include="WinHTTrackDoc.cpp">
      <Filter>Source Files</Filter>
    </ClCompile>
    <ClCompile Include="WinHTTrackView.cpp">
      <Filter>Source Files</Filter>
    </ClCompile>
    <ClCompile Include="Wizard.cpp">
      <Filter>Source Files</Filter>
    </ClCompile>
    <ClCompile Include="Wizard2.cpp">
      <Filter>Source Files</Filter>
    </ClCompile>
    <ClCompile Include="WizLinks.cpp">
      <Filter>Source Files</Filter>
    </ClCompile>
    <ClCompile Include="WizTab.cpp">
      <Filter>Source Files</Filter>
    </ClCompile>
    <ClCompile Include="XSHBrowseForFolder.cpp">
      <Filter>Source Files</Filter>
    </ClCompile>
    <ClCompile Include="..\httrack\src\htsmd5.c">
      <Filter>Source Files</Filter>
    </ClCompile>
    <ClCompile Include="..\httrack\src\md5.c">
      <Filter>Source Files</Filter>
    </ClCompile>
  </ItemGroup>
  <ItemGroup>
    <ResourceCompile Include="WinHTTrack.rc">
      <Filter>Source Files</Filter>
    </ResourceCompile>
  </ItemGroup>
  <ItemGroup>
    <Library Include="$(ZLibDir)lib\$(Platform)\$(Configuration)\$(ZLibName).lib" />
  </ItemGroup>
</Project>